// !$*UTF8*$!
{
	archiveVersion = 1;
	classes = {
	};
	objectVersion = 56;
	objects = {

/* Begin PBXBuildFile section */
		FCC99ED62B65691400CAB038 /* Timely2_0App.swift in Sources */ = {isa = PBXBuildFile; fileRef = FCC99ED52B65691400CAB038 /* Timely2_0App.swift */; };
		FCC99ED82B65691400CAB038 /* ContentView.swift in Sources */ = {isa = PBXBuildFile; fileRef = FCC99ED72B65691400CAB038 /* ContentView.swift */; };
		FCC99EDA2B65691500CAB038 /* Assets.xcassets in Resources */ = {isa = PBXBuildFile; fileRef = FCC99ED92B65691500CAB038 /* Assets.xcassets */; };
		FCC99EDD2B65691500CAB038 /* Preview Assets.xcassets in Resources */ = {isa = PBXBuildFile; fileRef = FCC99EDC2B65691500CAB038 /* Preview Assets.xcassets */; };
		FCC99EE72B65691500CAB038 /* Timely2_0Tests.swift in Sources */ = {isa = PBXBuildFile; fileRef = FCC99EE62B65691500CAB038 /* Timely2_0Tests.swift */; };
		FCC99EF12B65691500CAB038 /* Timely2_0UITests.swift in Sources */ = {isa = PBXBuildFile; fileRef = FCC99EF02B65691500CAB038 /* Timely2_0UITests.swift */; };
		FCC99EF32B65691500CAB038 /* Timely2_0UITestsLaunchTests.swift in Sources */ = {isa = PBXBuildFile; fileRef = FCC99EF22B65691500CAB038 /* Timely2_0UITestsLaunchTests.swift */; };
/* End PBXBuildFile section */

/* Begin PBXContainerItemProxy section */
		FCC99EE32B65691500CAB038 /* PBXContainerItemProxy */ = {
			isa = PBXContainerItemProxy;
			containerPortal = FCC99ECA2B65691400CAB038 /* Project object */;
			proxyType = 1;
			remoteGlobalIDString = FCC99ED12B65691400CAB038;
			remoteInfo = Timely2.0;
		};
		FCC99EED2B65691500CAB038 /* PBXContainerItemProxy */ = {
			isa = PBXContainerItemProxy;
			containerPortal = FCC99ECA2B65691400CAB038 /* Project object */;
			proxyType = 1;
			remoteGlobalIDString = FCC99ED12B65691400CAB038;
			remoteInfo = Timely2.0;
		};
/* End PBXContainerItemProxy section */

/* Begin PBXFileReference section */
		FCC99ED22B65691400CAB038 /* Timely2.0.app */ = {isa = PBXFileReference; explicitFileType = wrapper.application; includeInIndex = 0; path = Timely2.0.app; sourceTree = BUILT_PRODUCTS_DIR; };
		FCC99ED52B65691400CAB038 /* Timely2_0App.swift */ = {isa = PBXFileReference; lastKnownFileType = sourcecode.swift; path = Timely2_0App.swift; sourceTree = "<group>"; };
		FCC99ED72B65691400CAB038 /* ContentView.swift */ = {isa = PBXFileReference; lastKnownFileType = sourcecode.swift; path = ContentView.swift; sourceTree = "<group>"; };
		FCC99ED92B65691500CAB038 /* Assets.xcassets */ = {isa = PBXFileReference; lastKnownFileType = folder.assetcatalog; path = Assets.xcassets; sourceTree = "<group>"; };
		FCC99EDC2B65691500CAB038 /* Preview Assets.xcassets */ = {isa = PBXFileReference; lastKnownFileType = folder.assetcatalog; path = "Preview Assets.xcassets"; sourceTree = "<group>"; };
		FCC99EE22B65691500CAB038 /* Timely2.0Tests.xctest */ = {isa = PBXFileReference; explicitFileType = wrapper.cfbundle; includeInIndex = 0; path = Timely2.0Tests.xctest; sourceTree = BUILT_PRODUCTS_DIR; };
		FCC99EE62B65691500CAB038 /* Timely2_0Tests.swift */ = {isa = PBXFileReference; lastKnownFileType = sourcecode.swift; path = Timely2_0Tests.swift; sourceTree = "<group>"; };
		FCC99EEC2B65691500CAB038 /* Timely2.0UITests.xctest */ = {isa = PBXFileReference; explicitFileType = wrapper.cfbundle; includeInIndex = 0; path = Timely2.0UITests.xctest; sourceTree = BUILT_PRODUCTS_DIR; };
		FCC99EF02B65691500CAB038 /* Timely2_0UITests.swift */ = {isa = PBXFileReference; lastKnownFileType = sourcecode.swift; path = Timely2_0UITests.swift; sourceTree = "<group>"; };
		FCC99EF22B65691500CAB038 /* Timely2_0UITestsLaunchTests.swift */ = {isa = PBXFileReference; lastKnownFileType = sourcecode.swift; path = Timely2_0UITestsLaunchTests.swift; sourceTree = "<group>"; };
/* End PBXFileReference section */

/* Begin PBXFrameworksBuildPhase section */
		FCC99ECF2B65691400CAB038 /* Frameworks */ = {
			isa = PBXFrameworksBuildPhase;
			buildActionMask = 2147483647;
			files = (
			);
			runOnlyForDeploymentPostprocessing = 0;
		};
		FCC99EDF2B65691500CAB038 /* Frameworks */ = {
			isa = PBXFrameworksBuildPhase;
			buildActionMask = 2147483647;
			files = (
			);
			runOnlyForDeploymentPostprocessing = 0;
		};
		FCC99EE92B65691500CAB038 /* Frameworks */ = {
			isa = PBXFrameworksBuildPhase;
			buildActionMask = 2147483647;
			files = (
			);
			runOnlyForDeploymentPostprocessing = 0;
		};
/* End PBXFrameworksBuildPhase section */

/* Begin PBXGroup section */
		FCC99EC92B65691400CAB038 = {
			isa = PBXGroup;
			children = (
				FCC99ED42B65691400CAB038 /* Timely2.0 */,
				FCC99EE52B65691500CAB038 /* Timely2.0Tests */,
				FCC99EEF2B65691500CAB038 /* Timely2.0UITests */,
				FCC99ED32B65691400CAB038 /* Products */,
			);
			sourceTree = "<group>";
		};
		FCC99ED32B65691400CAB038 /* Products */ = {
			isa = PBXGroup;
			children = (
				FCC99ED22B65691400CAB038 /* Timely2.0.app */,
				FCC99EE22B65691500CAB038 /* Timely2.0Tests.xctest */,
				FCC99EEC2B65691500CAB038 /* Timely2.0UITests.xctest */,
			);
			name = Products;
			sourceTree = "<group>";
		};
		FCC99ED42B65691400CAB038 /* Timely2.0 */ = {
			isa = PBXGroup;
			children = (
				FCC99ED52B65691400CAB038 /* Timely2_0App.swift */,
				FCC99ED72B65691400CAB038 /* ContentView.swift */,
				FCC99ED92B65691500CAB038 /* Assets.xcassets */,
				FCC99EDB2B65691500CAB038 /* Preview Content */,
			);
			path = Timely2.0;
			sourceTree = "<group>";
		};
		FCC99EDB2B65691500CAB038 /* Preview Content */ = {
			isa = PBXGroup;
			children = (
				FCC99EDC2B65691500CAB038 /* Preview Assets.xcassets */,
			);
			path = "Preview Content";
			sourceTree = "<group>";
		};
		FCC99EE52B65691500CAB038 /* Timely2.0Tests */ = {
			isa = PBXGroup;
			children = (
				FCC99EE62B65691500CAB038 /* Timely2_0Tests.swift */,
			);
			path = Timely2.0Tests;
			sourceTree = "<group>";
		};
		FCC99EEF2B65691500CAB038 /* Timely2.0UITests */ = {
			isa = PBXGroup;
			children = (
				FCC99EF02B65691500CAB038 /* Timely2_0UITests.swift */,
				FCC99EF22B65691500CAB038 /* Timely2_0UITestsLaunchTests.swift */,
			);
			path = Timely2.0UITests;
			sourceTree = "<group>";
		};
/* End PBXGroup section */

/* Begin PBXNativeTarget section */
		FCC99ED12B65691400CAB038 /* Timely2.0 */ = {
			isa = PBXNativeTarget;
			buildConfigurationList = FCC99EF62B65691500CAB038 /* Build configuration list for PBXNativeTarget "Timely2.0" */;
			buildPhases = (
				FCC99ECE2B65691400CAB038 /* Sources */,
				FCC99ECF2B65691400CAB038 /* Frameworks */,
				FCC99ED02B65691400CAB038 /* Resources */,
			);
			buildRules = (
			);
			dependencies = (
			);
			name = Timely2.0;
			productName = Timely2.0;
			productReference = FCC99ED22B65691400CAB038 /* Timely2.0.app */;
			productType = "com.apple.product-type.application";
		};
		FCC99EE12B65691500CAB038 /* Timely2.0Tests */ = {
			isa = PBXNativeTarget;
			buildConfigurationList = FCC99EF92B65691500CAB038 /* Build configuration list for PBXNativeTarget "Timely2.0Tests" */;
			buildPhases = (
				FCC99EDE2B65691500CAB038 /* Sources */,
				FCC99EDF2B65691500CAB038 /* Frameworks */,
				FCC99EE02B65691500CAB038 /* Resources */,
			);
			buildRules = (
			);
			dependencies = (
				FCC99EE42B65691500CAB038 /* PBXTargetDependency */,
			);
			name = Timely2.0Tests;
			productName = Timely2.0Tests;
			productReference = FCC99EE22B65691500CAB038 /* Timely2.0Tests.xctest */;
			productType = "com.apple.product-type.bundle.unit-test";
		};
		FCC99EEB2B65691500CAB038 /* Timely2.0UITests */ = {
			isa = PBXNativeTarget;
			buildConfigurationList = FCC99EFC2B65691500CAB038 /* Build configuration list for PBXNativeTarget "Timely2.0UITests" */;
			buildPhases = (
				FCC99EE82B65691500CAB038 /* Sources */,
				FCC99EE92B65691500CAB038 /* Frameworks */,
				FCC99EEA2B65691500CAB038 /* Resources */,
			);
			buildRules = (
			);
			dependencies = (
				FCC99EEE2B65691500CAB038 /* PBXTargetDependency */,
			);
			name = Timely2.0UITests;
			productName = Timely2.0UITests;
			productReference = FCC99EEC2B65691500CAB038 /* Timely2.0UITests.xctest */;
			productType = "com.apple.product-type.bundle.ui-testing";
		};
/* End PBXNativeTarget section */

/* Begin PBXProject section */
		FCC99ECA2B65691400CAB038 /* Project object */ = {
			isa = PBXProject;
			attributes = {
				BuildIndependentTargetsInParallel = 1;
				LastSwiftUpdateCheck = 1510;
				LastUpgradeCheck = 1510;
				TargetAttributes = {
					FCC99ED12B65691400CAB038 = {
						CreatedOnToolsVersion = 15.1;
					};
					FCC99EE12B65691500CAB038 = {
						CreatedOnToolsVersion = 15.1;
						TestTargetID = FCC99ED12B65691400CAB038;
					};
					FCC99EEB2B65691500CAB038 = {
						CreatedOnToolsVersion = 15.1;
						TestTargetID = FCC99ED12B65691400CAB038;
					};
				};
			};
			buildConfigurationList = FCC99ECD2B65691400CAB038 /* Build configuration list for PBXProject "Timely2.0" */;
			compatibilityVersion = "Xcode 14.0";
			developmentRegion = en;
			hasScannedForEncodings = 0;
			knownRegions = (
				en,
				Base,
			);
			mainGroup = FCC99EC92B65691400CAB038;
			productRefGroup = FCC99ED32B65691400CAB038 /* Products */;
			projectDirPath = "";
			projectRoot = "";
			targets = (
				FCC99ED12B65691400CAB038 /* Timely2.0 */,
				FCC99EE12B65691500CAB038 /* Timely2.0Tests */,
				FCC99EEB2B65691500CAB038 /* Timely2.0UITests */,
			);
		};
/* End PBXProject section */

/* Begin PBXResourcesBuildPhase section */
		FCC99ED02B65691400CAB038 /* Resources */ = {
			isa = PBXResourcesBuildPhase;
			buildActionMask = 2147483647;
			files = (
				FCC99EDD2B65691500CAB038 /* Preview Assets.xcassets in Resources */,
				FCC99EDA2B65691500CAB038 /* Assets.xcassets in Resources */,
			);
			runOnlyForDeploymentPostprocessing = 0;
		};
		FCC99EE02B65691500CAB038 /* Resources */ = {
			isa = PBXResourcesBuildPhase;
			buildActionMask = 2147483647;
			files = (
			);
			runOnlyForDeploymentPostprocessing = 0;
		};
		FCC99EEA2B65691500CAB038 /* Resources */ = {
			isa = PBXResourcesBuildPhase;
			buildActionMask = 2147483647;
			files = (
			);
			runOnlyForDeploymentPostprocessing = 0;
		};
/* End PBXResourcesBuildPhase section */

/* Begin PBXSourcesBuildPhase section */
		FCC99ECE2B65691400CAB038 /* Sources */ = {
			isa = PBXSourcesBuildPhase;
			buildActionMask = 2147483647;
			files = (
				FCC99ED82B65691400CAB038 /* ContentView.swift in Sources */,
				FCC99ED62B65691400CAB038 /* Timely2_0App.swift in Sources */,
			);
			runOnlyForDeploymentPostprocessing = 0;
		};
		FCC99EDE2B65691500CAB038 /* Sources */ = {
			isa = PBXSourcesBuildPhase;
			buildActionMask = 2147483647;
			files = (
				FCC99EE72B65691500CAB038 /* Timely2_0Tests.swift in Sources */,
			);
			runOnlyForDeploymentPostprocessing = 0;
		};
		FCC99EE82B65691500CAB038 /* Sources */ = {
			isa = PBXSourcesBuildPhase;
			buildActionMask = 2147483647;
			files = (
				FCC99EF32B65691500CAB038 /* Timely2_0UITestsLaunchTests.swift in Sources */,
				FCC99EF12B65691500CAB038 /* Timely2_0UITests.swift in Sources */,
			);
			runOnlyForDeploymentPostprocessing = 0;
		};
/* End PBXSourcesBuildPhase section */

/* Begin PBXTargetDependency section */
		FCC99EE42B65691500CAB038 /* PBXTargetDependency */ = {
			isa = PBXTargetDependency;
			target = FCC99ED12B65691400CAB038 /* Timely2.0 */;
			targetProxy = FCC99EE32B65691500CAB038 /* PBXContainerItemProxy */;
		};
		FCC99EEE2B65691500CAB038 /* PBXTargetDependency */ = {
			isa = PBXTargetDependency;
			target = FCC99ED12B65691400CAB038 /* Timely2.0 */;
			targetProxy = FCC99EED2B65691500CAB038 /* PBXContainerItemProxy */;
		};
/* End PBXTargetDependency section */

/* Begin XCBuildConfiguration section */
		FCC99EF42B65691500CAB038 /* Debug */ = {
			isa = XCBuildConfiguration;
			buildSettings = {
				ALWAYS_SEARCH_USER_PATHS = NO;
				ASSETCATALOG_COMPILER_GENERATE_SWIFT_ASSET_SYMBOL_EXTENSIONS = YES;
				CLANG_ANALYZER_NONNULL = YES;
				CLANG_ANALYZER_NUMBER_OBJECT_CONVERSION = YES_AGGRESSIVE;
				CLANG_CXX_LANGUAGE_STANDARD = "gnu++20";
				CLANG_ENABLE_MODULES = YES;
				CLANG_ENABLE_OBJC_ARC = YES;
				CLANG_ENABLE_OBJC_WEAK = YES;
				CLANG_WARN_BLOCK_CAPTURE_AUTORELEASING = YES;
				CLANG_WARN_BOOL_CONVERSION = YES;
				CLANG_WARN_COMMA = YES;
				CLANG_WARN_CONSTANT_CONVERSION = YES;
				CLANG_WARN_DEPRECATED_OBJC_IMPLEMENTATIONS = YES;
				CLANG_WARN_DIRECT_OBJC_ISA_USAGE = YES_ERROR;
				CLANG_WARN_DOCUMENTATION_COMMENTS = YES;
				CLANG_WARN_EMPTY_BODY = YES;
				CLANG_WARN_ENUM_CONVERSION = YES;
				CLANG_WARN_INFINITE_RECURSION = YES;
				CLANG_WARN_INT_CONVERSION = YES;
				CLANG_WARN_NON_LITERAL_NULL_CONVERSION = YES;
				CLANG_WARN_OBJC_IMPLICIT_RETAIN_SELF = YES;
				CLANG_WARN_OBJC_LITERAL_CONVERSION = YES;
				CLANG_WARN_OBJC_ROOT_CLASS = YES_ERROR;
				CLANG_WARN_QUOTED_INCLUDE_IN_FRAMEWORK_HEADER = YES;
				CLANG_WARN_RANGE_LOOP_ANALYSIS = YES;
				CLANG_WARN_STRICT_PROTOTYPES = YES;
				CLANG_WARN_SUSPICIOUS_MOVE = YES;
				CLANG_WARN_UNGUARDED_AVAILABILITY = YES_AGGRESSIVE;
				CLANG_WARN_UNREACHABLE_CODE = YES;
				CLANG_WARN__DUPLICATE_METHOD_MATCH = YES;
				COPY_PHASE_STRIP = NO;
				DEBUG_INFORMATION_FORMAT = dwarf;
				ENABLE_STRICT_OBJC_MSGSEND = YES;
				ENABLE_TESTABILITY = YES;
				ENABLE_USER_SCRIPT_SANDBOXING = YES;
				GCC_C_LANGUAGE_STANDARD = gnu17;
				GCC_DYNAMIC_NO_PIC = NO;
				GCC_NO_COMMON_BLOCKS = YES;
				GCC_OPTIMIZATION_LEVEL = 0;
				GCC_PREPROCESSOR_DEFINITIONS = (
					"DEBUG=1",
					"$(inherited)",
				);
				GCC_WARN_64_TO_32_BIT_CONVERSION = YES;
				GCC_WARN_ABOUT_RETURN_TYPE = YES_ERROR;
				GCC_WARN_UNDECLARED_SELECTOR = YES;
				GCC_WARN_UNINITIALIZED_AUTOS = YES_AGGRESSIVE;
				GCC_WARN_UNUSED_FUNCTION = YES;
				GCC_WARN_UNUSED_VARIABLE = YES;
				IPHONEOS_DEPLOYMENT_TARGET = 17.2;
				LOCALIZATION_PREFERS_STRING_CATALOGS = YES;
				MTL_ENABLE_DEBUG_INFO = INCLUDE_SOURCE;
				MTL_FAST_MATH = YES;
				ONLY_ACTIVE_ARCH = YES;
				SDKROOT = iphoneos;
				SWIFT_ACTIVE_COMPILATION_CONDITIONS = "DEBUG $(inherited)";
				SWIFT_OPTIMIZATION_LEVEL = "-Onone";
			};
			name = Debug;
		};
		FCC99EF52B65691500CAB038 /* Release */ = {
			isa = XCBuildConfiguration;
			buildSettings = {
				ALWAYS_SEARCH_USER_PATHS = NO;
				ASSETCATALOG_COMPILER_GENERATE_SWIFT_ASSET_SYMBOL_EXTENSIONS = YES;
				CLANG_ANALYZER_NONNULL = YES;
				CLANG_ANALYZER_NUMBER_OBJECT_CONVERSION = YES_AGGRESSIVE;
				CLANG_CXX_LANGUAGE_STANDARD = "gnu++20";
				CLANG_ENABLE_MODULES = YES;
				CLANG_ENABLE_OBJC_ARC = YES;
				CLANG_ENABLE_OBJC_WEAK = YES;
				CLANG_WARN_BLOCK_CAPTURE_AUTORELEASING = YES;
				CLANG_WARN_BOOL_CONVERSION = YES;
				CLANG_WARN_COMMA = YES;
				CLANG_WARN_CONSTANT_CONVERSION = YES;
				CLANG_WARN_DEPRECATED_OBJC_IMPLEMENTATIONS = YES;
				CLANG_WARN_DIRECT_OBJC_ISA_USAGE = YES_ERROR;
				CLANG_WARN_DOCUMENTATION_COMMENTS = YES;
				CLANG_WARN_EMPTY_BODY = YES;
				CLANG_WARN_ENUM_CONVERSION = YES;
				CLANG_WARN_INFINITE_RECURSION = YES;
				CLANG_WARN_INT_CONVERSION = YES;
				CLANG_WARN_NON_LITERAL_NULL_CONVERSION = YES;
				CLANG_WARN_OBJC_IMPLICIT_RETAIN_SELF = YES;
				CLANG_WARN_OBJC_LITERAL_CONVERSION = YES;
				CLANG_WARN_OBJC_ROOT_CLASS = YES_ERROR;
				CLANG_WARN_QUOTED_INCLUDE_IN_FRAMEWORK_HEADER = YES;
				CLANG_WARN_RANGE_LOOP_ANALYSIS = YES;
				CLANG_WARN_STRICT_PROTOTYPES = YES;
				CLANG_WARN_SUSPICIOUS_MOVE = YES;
				CLANG_WARN_UNGUARDED_AVAILABILITY = YES_AGGRESSIVE;
				CLANG_WARN_UNREACHABLE_CODE = YES;
				CLANG_WARN__DUPLICATE_METHOD_MATCH = YES;
				COPY_PHASE_STRIP = NO;
				DEBUG_INFORMATION_FORMAT = "dwarf-with-dsym";
				ENABLE_NS_ASSERTIONS = NO;
				ENABLE_STRICT_OBJC_MSGSEND = YES;
				ENABLE_USER_SCRIPT_SANDBOXING = YES;
				GCC_C_LANGUAGE_STANDARD = gnu17;
				GCC_NO_COMMON_BLOCKS = YES;
				GCC_WARN_64_TO_32_BIT_CONVERSION = YES;
				GCC_WARN_ABOUT_RETURN_TYPE = YES_ERROR;
				GCC_WARN_UNDECLARED_SELECTOR = YES;
				GCC_WARN_UNINITIALIZED_AUTOS = YES_AGGRESSIVE;
				GCC_WARN_UNUSED_FUNCTION = YES;
				GCC_WARN_UNUSED_VARIABLE = YES;
				IPHONEOS_DEPLOYMENT_TARGET = 17.2;
				LOCALIZATION_PREFERS_STRING_CATALOGS = YES;
				MTL_ENABLE_DEBUG_INFO = NO;
				MTL_FAST_MATH = YES;
				SDKROOT = iphoneos;
				SWIFT_COMPILATION_MODE = wholemodule;
				VALIDATE_PRODUCT = YES;
			};
			name = Release;
		};
		FCC99EF72B65691500CAB038 /* Debug */ = {
			isa = XCBuildConfiguration;
			buildSettings = {
				ASSETCATALOG_COMPILER_APPICON_NAME = AppIcon;
				ASSETCATALOG_COMPILER_GLOBAL_ACCENT_COLOR_NAME = AccentColor;
				CODE_SIGN_STYLE = Automatic;
				CURRENT_PROJECT_VERSION = 1;
				DEVELOPMENT_ASSET_PATHS = "\"Timely2.0/Preview Content\"";
				ENABLE_PREVIEWS = YES;
				GENERATE_INFOPLIST_FILE = YES;
				INFOPLIST_KEY_UIApplicationSceneManifest_Generation = YES;
				INFOPLIST_KEY_UIApplicationSupportsIndirectInputEvents = YES;
				INFOPLIST_KEY_UILaunchScreen_Generation = YES;
				INFOPLIST_KEY_UISupportedInterfaceOrientations_iPad = "UIInterfaceOrientationPortrait UIInterfaceOrientationPortraitUpsideDown UIInterfaceOrientationLandscapeLeft UIInterfaceOrientationLandscapeRight";
				INFOPLIST_KEY_UISupportedInterfaceOrientations_iPhone = "UIInterfaceOrientationPortrait UIInterfaceOrientationLandscapeLeft UIInterfaceOrientationLandscapeRight";
				LD_RUNPATH_SEARCH_PATHS = (
					"$(inherited)",
					"@executable_path/Frameworks",
				);
				MARKETING_VERSION = 1.0;
				PRODUCT_BUNDLE_IDENTIFIER = "com.riyabatla.Timely2-0";
				PRODUCT_NAME = "$(TARGET_NAME)";
				SWIFT_EMIT_LOC_STRINGS = YES;
				SWIFT_VERSION = 5.0;
				TARGETED_DEVICE_FAMILY = "1,2";
			};
			name = Debug;
		};
		FCC99EF82B65691500CAB038 /* Release */ = {
			isa = XCBuildConfiguration;
			buildSettings = {
				ASSETCATALOG_COMPILER_APPICON_NAME = AppIcon;
				ASSETCATALOG_COMPILER_GLOBAL_ACCENT_COLOR_NAME = AccentColor;
				CODE_SIGN_STYLE = Automatic;
				CURRENT_PROJECT_VERSION = 1;
				DEVELOPMENT_ASSET_PATHS = "\"Timely2.0/Preview Content\"";
				ENABLE_PREVIEWS = YES;
				GENERATE_INFOPLIST_FILE = YES;
				INFOPLIST_KEY_UIApplicationSceneManifest_Generation = YES;
				INFOPLIST_KEY_UIApplicationSupportsIndirectInputEvents = YES;
				INFOPLIST_KEY_UILaunchScreen_Generation = YES;
				INFOPLIST_KEY_UISupportedInterfaceOrientations_iPad = "UIInterfaceOrientationPortrait UIInterfaceOrientationPortraitUpsideDown UIInterfaceOrientationLandscapeLeft UIInterfaceOrientationLandscapeRight";
				INFOPLIST_KEY_UISupportedInterfaceOrientations_iPhone = "UIInterfaceOrientationPortrait UIInterfaceOrientationLandscapeLeft UIInterfaceOrientationLandscapeRight";
				LD_RUNPATH_SEARCH_PATHS = (
					"$(inherited)",
					"@executable_path/Frameworks",
				);
				MARKETING_VERSION = 1.0;
				PRODUCT_BUNDLE_IDENTIFIER = "com.riyabatla.Timely2-0";
				PRODUCT_NAME = "$(TARGET_NAME)";
				SWIFT_EMIT_LOC_STRINGS = YES;
				SWIFT_VERSION = 5.0;
				TARGETED_DEVICE_FAMILY = "1,2";
			};
			name = Release;
		};
		FCC99EFA2B65691500CAB038 /* Debug */ = {
			isa = XCBuildConfiguration;
			buildSettings = {
				ALWAYS_EMBED_SWIFT_STANDARD_LIBRARIES = YES;
				BUNDLE_LOADER = "$(TEST_HOST)";
				CODE_SIGN_STYLE = Automatic;
				CURRENT_PROJECT_VERSION = 1;
				GENERATE_INFOPLIST_FILE = YES;
				IPHONEOS_DEPLOYMENT_TARGET = 17.2;
				MARKETING_VERSION = 1.0;
				PRODUCT_BUNDLE_IDENTIFIER = "com.riyabatla.Timely2-0Tests";
				PRODUCT_NAME = "$(TARGET_NAME)";
				SWIFT_EMIT_LOC_STRINGS = NO;
				SWIFT_VERSION = 5.0;
				TARGETED_DEVICE_FAMILY = "1,2";
				TEST_HOST = "$(BUILT_PRODUCTS_DIR)/Timely2.0.app/$(BUNDLE_EXECUTABLE_FOLDER_PATH)/Timely2.0";
			};
			name = Debug;
		};
		FCC99EFB2B65691500CAB038 /* Release */ = {
			isa = XCBuildConfiguration;
			buildSettings = {
				ALWAYS_EMBED_SWIFT_STANDARD_LIBRARIES = YES;
				BUNDLE_LOADER = "$(TEST_HOST)";
				CODE_SIGN_STYLE = Automatic;
				CURRENT_PROJECT_VERSION = 1;
				GENERATE_INFOPLIST_FILE = YES;
				IPHONEOS_DEPLOYMENT_TARGET = 17.2;
				MARKETING_VERSION = 1.0;
				PRODUCT_BUNDLE_IDENTIFIER = "com.riyabatla.Timely2-0Tests";
				PRODUCT_NAME = "$(TARGET_NAME)";
				SWIFT_EMIT_LOC_STRINGS = NO;
				SWIFT_VERSION = 5.0;
				TARGETED_DEVICE_FAMILY = "1,2";
				TEST_HOST = "$(BUILT_PRODUCTS_DIR)/Timely2.0.app/$(BUNDLE_EXECUTABLE_FOLDER_PATH)/Timely2.0";
			};
			name = Release;
		};
		FCC99EFD2B65691500CAB038 /* Debug */ = {
			isa = XCBuildConfiguration;
			buildSettings = {
				ALWAYS_EMBED_SWIFT_STANDARD_LIBRARIES = YES;
				CODE_SIGN_STYLE = Automatic;
				CURRENT_PROJECT_VERSION = 1;
				GENERATE_INFOPLIST_FILE = YES;
				MARKETING_VERSION = 1.0;
				PRODUCT_BUNDLE_IDENTIFIER = "com.riyabatla.Timely2-0UITests";
				PRODUCT_NAME = "$(TARGET_NAME)";
				SWIFT_EMIT_LOC_STRINGS = NO;
				SWIFT_VERSION = 5.0;
				TARGETED_DEVICE_FAMILY = "1,2";
				TEST_TARGET_NAME = Timely2.0;
			};
			name = Debug;
		};
		FCC99EFE2B65691500CAB038 /* Release */ = {
			isa = XCBuildConfiguration;
			buildSettings = {
				ALWAYS_EMBED_SWIFT_STANDARD_LIBRARIES = YES;
				CODE_SIGN_STYLE = Automatic;
				CURRENT_PROJECT_VERSION = 1;
				GENERATE_INFOPLIST_FILE = YES;
				MARKETING_VERSION = 1.0;
				PRODUCT_BUNDLE_IDENTIFIER = "com.riyabatla.Timely2-0UITests";
				PRODUCT_NAME = "$(TARGET_NAME)";
				SWIFT_EMIT_LOC_STRINGS = NO;
				SWIFT_VERSION = 5.0;
				TARGETED_DEVICE_FAMILY = "1,2";
				TEST_TARGET_NAME = Timely2.0;
			};
			name = Release;
		};
/* End XCBuildConfiguration section */

/* Begin XCConfigurationList section */
		FCC99ECD2B65691400CAB038 /* Build configuration list for PBXProject "Timely2.0" */ = {
			isa = XCConfigurationList;
			buildConfigurations = (
				FCC99EF42B65691500CAB038 /* Debug */,
				FCC99EF52B65691500CAB038 /* Release */,
			);
			defaultConfigurationIsVisible = 0;
			defaultConfigurationName = Release;
		};
		FCC99EF62B65691500CAB038 /* Build configuration list for PBXNativeTarget "Timely2.0" */ = {
			isa = XCConfigurationList;
			buildConfigurations = (
				FCC99EF72B65691500CAB038 /* Debug */,
				FCC99EF82B65691500CAB038 /* Release */,
			);
			defaultConfigurationIsVisible = 0;
			defaultConfigurationName = Release;
		};
		FCC99EF92B65691500CAB038 /* Build configuration list for PBXNativeTarget "Timely2.0Tests" */ = {
			isa = XCConfigurationList;
			buildConfigurations = (
				FCC99EFA2B65691500CAB038 /* Debug */,
				FCC99EFB2B65691500CAB038 /* Release */,
			);
			defaultConfigurationIsVisible = 0;
			defaultConfigurationName = Release;
		};
		FCC99EFC2B65691500CAB038 /* Build configuration list for PBXNativeTarget "Timely2.0UITests" */ = {
			isa = XCConfigurationList;
			buildConfigurations = (
				FCC99EFD2B65691500CAB038 /* Debug */,
				FCC99EFE2B65691500CAB038 /* Release */,
			);
			defaultConfigurationIsVisible = 0;
			defaultConfigurationName = Release;
		};
/* End XCConfigurationList section */
	};
	rootObject = FCC99ECA2B65691400CAB038 /* Project object */;
}
