// !$*UTF8*$!
{
	archiveVersion = 1;
	classes = {
	};
	objectVersion = 56;
	objects = {

/* Begin PBXBuildFile section */
		0FA05C132B906EC70054E47B /* AuthenticationManager.swift in Sources */ = {isa = PBXBuildFile; fileRef = 0FA05C122B906EC70054E47B /* AuthenticationManager.swift */; };
		0FA05C152B9070FE0054E47B /* RootView.swift in Sources */ = {isa = PBXBuildFile; fileRef = 0FA05C142B9070FE0054E47B /* RootView.swift */; };
		0FD014482B96C144005CD346 /* ModelView.swift in Sources */ = {isa = PBXBuildFile; fileRef = 0FD014472B96C144005CD346 /* ModelView.swift */; };
		0FD014702B96C6CC005CD346 /* PetMod.usdz in Resources */ = {isa = PBXBuildFile; fileRef = 0FD0146F2B96C6CC005CD346 /* PetMod.usdz */; };
		FC163A2E2B66F5DC007B3C76 /* MissionForm.swift in Sources */ = {isa = PBXBuildFile; fileRef = FC163A2D2B66F5DC007B3C76 /* MissionForm.swift */; };
		FC163A312B66F68B007B3C76 /* LocationPicker in Frameworks */ = {isa = PBXBuildFile; productRef = FC163A302B66F68B007B3C76 /* LocationPicker */; };
		FC163A342B66F7C2007B3C76 /* MissionSheetView.swift in Sources */ = {isa = PBXBuildFile; fileRef = FC163A332B66F7C2007B3C76 /* MissionSheetView.swift */; };
		FC163A362B6700D4007B3C76 /* ProfileView.swift in Sources */ = {isa = PBXBuildFile; fileRef = FC163A352B6700D4007B3C76 /* ProfileView.swift */; };
		FC163A382B67063C007B3C76 /* LandingView.swift in Sources */ = {isa = PBXBuildFile; fileRef = FC163A372B67063C007B3C76 /* LandingView.swift */; };
		FC163A3B2B67068F007B3C76 /* SplineRuntime in Frameworks */ = {isa = PBXBuildFile; productRef = FC163A3A2B67068F007B3C76 /* SplineRuntime */; };
		FC163A3D2B67070A007B3C76 /* SplineCard.swift in Sources */ = {isa = PBXBuildFile; fileRef = FC163A3C2B67070A007B3C76 /* SplineCard.swift */; };
		FC4B33A02B6648AD00F757F7 /* HorizontalCalendar.swift in Sources */ = {isa = PBXBuildFile; fileRef = FC4B339F2B6648AD00F757F7 /* HorizontalCalendar.swift */; };
		FC4B33A22B66491B00F757F7 /* Day.swift in Sources */ = {isa = PBXBuildFile; fileRef = FC4B33A12B66491B00F757F7 /* Day.swift */; };
		FC4D99792B8F345F000F32F5 /* FirebaseAnalytics in Frameworks */ = {isa = PBXBuildFile; productRef = FC4D99782B8F345F000F32F5 /* FirebaseAnalytics */; };
		FC4D997B2B8F345F000F32F5 /* FirebaseAnalyticsSwift in Frameworks */ = {isa = PBXBuildFile; productRef = FC4D997A2B8F345F000F32F5 /* FirebaseAnalyticsSwift */; };
		FC4D997D2B8F345F000F32F5 /* FirebaseAuth in Frameworks */ = {isa = PBXBuildFile; productRef = FC4D997C2B8F345F000F32F5 /* FirebaseAuth */; };
		FC4D997F2B8F345F000F32F5 /* FirebaseAuthCombine-Community in Frameworks */ = {isa = PBXBuildFile; productRef = FC4D997E2B8F345F000F32F5 /* FirebaseAuthCombine-Community */; };
		FC4D99812B8F345F000F32F5 /* FirebaseCrashlytics in Frameworks */ = {isa = PBXBuildFile; productRef = FC4D99802B8F345F000F32F5 /* FirebaseCrashlytics */; };
		FC4D99832B8F345F000F32F5 /* FirebaseDatabase in Frameworks */ = {isa = PBXBuildFile; productRef = FC4D99822B8F345F000F32F5 /* FirebaseDatabase */; };
		FC4D99852B8F345F000F32F5 /* FirebaseDatabaseSwift in Frameworks */ = {isa = PBXBuildFile; productRef = FC4D99842B8F345F000F32F5 /* FirebaseDatabaseSwift */; };
		FC4D99872B8F345F000F32F5 /* FirebaseFirestore in Frameworks */ = {isa = PBXBuildFile; productRef = FC4D99862B8F345F000F32F5 /* FirebaseFirestore */; };
		FC4D99892B8F345F000F32F5 /* FirebaseFirestoreCombine-Community in Frameworks */ = {isa = PBXBuildFile; productRef = FC4D99882B8F345F000F32F5 /* FirebaseFirestoreCombine-Community */; };
		FC4D998B2B8F345F000F32F5 /* FirebaseFirestoreSwift in Frameworks */ = {isa = PBXBuildFile; productRef = FC4D998A2B8F345F000F32F5 /* FirebaseFirestoreSwift */; };
		FC4D998D2B8F345F000F32F5 /* FirebaseFunctions in Frameworks */ = {isa = PBXBuildFile; productRef = FC4D998C2B8F345F000F32F5 /* FirebaseFunctions */; };
		FC4D998F2B8F345F000F32F5 /* FirebaseStorage in Frameworks */ = {isa = PBXBuildFile; productRef = FC4D998E2B8F345F000F32F5 /* FirebaseStorage */; };
		FC4D99912B8F345F000F32F5 /* FirebaseStorageCombine-Community in Frameworks */ = {isa = PBXBuildFile; productRef = FC4D99902B8F345F000F32F5 /* FirebaseStorageCombine-Community */; };
		FC4D999F2B8F3937000F32F5 /* UserManager.swift in Sources */ = {isa = PBXBuildFile; fileRef = FC4D99942B8F3936000F32F5 /* UserManager.swift */; };
		FC4D99A02B8F3937000F32F5 /* User.swift in Sources */ = {isa = PBXBuildFile; fileRef = FC4D99962B8F3937000F32F5 /* User.swift */; };
		FC4D99A12B8F3937000F32F5 /* UserTable.swift in Sources */ = {isa = PBXBuildFile; fileRef = FC4D99972B8F3937000F32F5 /* UserTable.swift */; };
		FC4D99A22B8F3937000F32F5 /* Task.swift in Sources */ = {isa = PBXBuildFile; fileRef = FC4D99982B8F3937000F32F5 /* Task.swift */; };
		FC4D99A32B8F3937000F32F5 /* LocationVerification.swift in Sources */ = {isa = PBXBuildFile; fileRef = FC4D999A2B8F3937000F32F5 /* LocationVerification.swift */; };
		FC4D99A42B8F3937000F32F5 /* Test2.swift in Sources */ = {isa = PBXBuildFile; fileRef = FC4D999B2B8F3937000F32F5 /* Test2.swift */; };
		FC4D99A72B8F39DC000F32F5 /* InputView.swift in Sources */ = {isa = PBXBuildFile; fileRef = FC4D99A62B8F39DC000F32F5 /* InputView.swift */; };
		FC4D99A92B8F3BB3000F32F5 /* GoogleService-Info.plist in Resources */ = {isa = PBXBuildFile; fileRef = FC4D99A82B8F3BB3000F32F5 /* GoogleService-Info.plist */; };
		FC51B2C22B65A36800FE9E2A /* GetStartedView.swift in Sources */ = {isa = PBXBuildFile; fileRef = FC51B2C12B65A36800FE9E2A /* GetStartedView.swift */; };
		FC51B2C92B65ADAC00FE9E2A /* UpcomingEventCard.swift in Sources */ = {isa = PBXBuildFile; fileRef = FC51B2C82B65ADAC00FE9E2A /* UpcomingEventCard.swift */; };
		FC51B2CB2B65B80800FE9E2A /* Navbar.swift in Sources */ = {isa = PBXBuildFile; fileRef = FC51B2CA2B65B80800FE9E2A /* Navbar.swift */; };
		FCA3F8232B68534900508801 /* DayPlanner.swift in Sources */ = {isa = PBXBuildFile; fileRef = FCA3F8222B68534900508801 /* DayPlanner.swift */; };
		FCA3F8252B68537400508801 /* MyCalendar.swift in Sources */ = {isa = PBXBuildFile; fileRef = FCA3F8242B68537400508801 /* MyCalendar.swift */; };
		FCC50DE62B670C9900F31FC7 /* AddMission.swift in Sources */ = {isa = PBXBuildFile; fileRef = FCC50DE52B670C9800F31FC7 /* AddMission.swift */; };
		FCC50DE82B670ECA00F31FC7 /* HealthCard.swift in Sources */ = {isa = PBXBuildFile; fileRef = FCC50DE72B670ECA00F31FC7 /* HealthCard.swift */; };
		FCC99ED62B65691400CAB038 /* Timely2_0App.swift in Sources */ = {isa = PBXBuildFile; fileRef = FCC99ED52B65691400CAB038 /* Timely2_0App.swift */; };
		FCC99ED82B65691400CAB038 /* ContentView.swift in Sources */ = {isa = PBXBuildFile; fileRef = FCC99ED72B65691400CAB038 /* ContentView.swift */; };
		FCC99EDA2B65691500CAB038 /* Assets.xcassets in Resources */ = {isa = PBXBuildFile; fileRef = FCC99ED92B65691500CAB038 /* Assets.xcassets */; };
		FCC99EDD2B65691500CAB038 /* Preview Assets.xcassets in Resources */ = {isa = PBXBuildFile; fileRef = FCC99EDC2B65691500CAB038 /* Preview Assets.xcassets */; };
		FCC99EE72B65691500CAB038 /* Timely2_0Tests.swift in Sources */ = {isa = PBXBuildFile; fileRef = FCC99EE62B65691500CAB038 /* Timely2_0Tests.swift */; };
		FCC99EF12B65691500CAB038 /* Timely2_0UITests.swift in Sources */ = {isa = PBXBuildFile; fileRef = FCC99EF02B65691500CAB038 /* Timely2_0UITests.swift */; };
		FCC99EF32B65691500CAB038 /* Timely2_0UITestsLaunchTests.swift in Sources */ = {isa = PBXBuildFile; fileRef = FCC99EF22B65691500CAB038 /* Timely2_0UITestsLaunchTests.swift */; };
		FCC99F052B656CA900CAB038 /* StartedCard.swift in Sources */ = {isa = PBXBuildFile; fileRef = FCC99F042B656CA900CAB038 /* StartedCard.swift */; };
		FCCC41622B66760700A35C87 /* EventCard.swift in Sources */ = {isa = PBXBuildFile; fileRef = FCCC41612B66760700A35C87 /* EventCard.swift */; };
		FCCC41642B667BC100A35C87 /* ScheduleView.swift in Sources */ = {isa = PBXBuildFile; fileRef = FCCC41632B667BC100A35C87 /* ScheduleView.swift */; };
		FCCC41662B667BD900A35C87 /* EventList.swift in Sources */ = {isa = PBXBuildFile; fileRef = FCCC41652B667BD900A35C87 /* EventList.swift */; };
		FCCC41682B6681D700A35C87 /* Event.swift in Sources */ = {isa = PBXBuildFile; fileRef = FCCC41672B6681D700A35C87 /* Event.swift */; };
		FCCC416C2B66AF2A00A35C87 /* TagBar.swift in Sources */ = {isa = PBXBuildFile; fileRef = FCCC416B2B66AF2A00A35C87 /* TagBar.swift */; };
		FCDC15912B68AF5B008FE8D3 /* PetItem.swift in Sources */ = {isa = PBXBuildFile; fileRef = FCDC15902B68AF5B008FE8D3 /* PetItem.swift */; };
		FCDC15932B68AF8E008FE8D3 /* ChoosePetSheetView.swift in Sources */ = {isa = PBXBuildFile; fileRef = FCDC15922B68AF8E008FE8D3 /* ChoosePetSheetView.swift */; };
		FCDC15A32B68E9E2008FE8D3 /* HistoryView.swift in Sources */ = {isa = PBXBuildFile; fileRef = FCDC15A22B68E9E2008FE8D3 /* HistoryView.swift */; };
		FCDC15A52B68EA36008FE8D3 /* LoginView.swift in Sources */ = {isa = PBXBuildFile; fileRef = FCDC15A42B68EA36008FE8D3 /* LoginView.swift */; };
		FCDC15A72B68EA4C008FE8D3 /* SignupView.swift in Sources */ = {isa = PBXBuildFile; fileRef = FCDC15A62B68EA4C008FE8D3 /* SignupView.swift */; };
		FCDC15A92B68EA84008FE8D3 /* TimelyText.swift in Sources */ = {isa = PBXBuildFile; fileRef = FCDC15A82B68EA84008FE8D3 /* TimelyText.swift */; };
		FCDC15AB2B68EAA5008FE8D3 /* HistoryStruct.swift in Sources */ = {isa = PBXBuildFile; fileRef = FCDC15AA2B68EAA5008FE8D3 /* HistoryStruct.swift */; };
		FCDC15AD2B68EE46008FE8D3 /* LeaderboardView.swift in Sources */ = {isa = PBXBuildFile; fileRef = FCDC15AC2B68EE46008FE8D3 /* LeaderboardView.swift */; };
		FCDC15B02B68EE70008FE8D3 /* RankCard.swift in Sources */ = {isa = PBXBuildFile; fileRef = FCDC15AF2B68EE70008FE8D3 /* RankCard.swift */; };
		FCEDB59E2B66CBC30096EC88 /* LargeButton.swift in Sources */ = {isa = PBXBuildFile; fileRef = FCEDB59D2B66CBC30096EC88 /* LargeButton.swift */; };
		FCEDB5A02B66D3730096EC88 /* RoundedButton.swift in Sources */ = {isa = PBXBuildFile; fileRef = FCEDB59F2B66D3730096EC88 /* RoundedButton.swift */; };
		FCF988AB2B9039DA00313F22 /* TestProfile.swift in Sources */ = {isa = PBXBuildFile; fileRef = FCF988AA2B9039DA00313F22 /* TestProfile.swift */; };
		FCF988AD2B903D0C00313F22 /* ProfileViewModel.swift in Sources */ = {isa = PBXBuildFile; fileRef = FCF988AC2B903D0C00313F22 /* ProfileViewModel.swift */; };
/* End PBXBuildFile section */

/* Begin PBXContainerItemProxy section */
		FCC99EE32B65691500CAB038 /* PBXContainerItemProxy */ = {
			isa = PBXContainerItemProxy;
			containerPortal = FCC99ECA2B65691400CAB038 /* Project object */;
			proxyType = 1;
			remoteGlobalIDString = FCC99ED12B65691400CAB038;
			remoteInfo = Timely2.0;
		};
		FCC99EED2B65691500CAB038 /* PBXContainerItemProxy */ = {
			isa = PBXContainerItemProxy;
			containerPortal = FCC99ECA2B65691400CAB038 /* Project object */;
			proxyType = 1;
			remoteGlobalIDString = FCC99ED12B65691400CAB038;
			remoteInfo = Timely2.0;
		};
/* End PBXContainerItemProxy section */

/* Begin PBXFileReference section */
		0FA05C122B906EC70054E47B /* AuthenticationManager.swift */ = {isa = PBXFileReference; lastKnownFileType = sourcecode.swift; path = AuthenticationManager.swift; sourceTree = "<group>"; };
		0FA05C142B9070FE0054E47B /* RootView.swift */ = {isa = PBXFileReference; lastKnownFileType = sourcecode.swift; path = RootView.swift; sourceTree = "<group>"; };
		0FD014472B96C144005CD346 /* ModelView.swift */ = {isa = PBXFileReference; lastKnownFileType = sourcecode.swift; path = ModelView.swift; sourceTree = "<group>"; };
		0FD0146F2B96C6CC005CD346 /* PetMod.usdz */ = {isa = PBXFileReference; lastKnownFileType = file.usdz; path = PetMod.usdz; sourceTree = "<group>"; };
		FC163A2D2B66F5DC007B3C76 /* MissionForm.swift */ = {isa = PBXFileReference; lastKnownFileType = sourcecode.swift; path = MissionForm.swift; sourceTree = "<group>"; };
		FC163A332B66F7C2007B3C76 /* MissionSheetView.swift */ = {isa = PBXFileReference; lastKnownFileType = sourcecode.swift; name = MissionSheetView.swift; path = ../components/mission/MissionSheetView.swift; sourceTree = "<group>"; };
		FC163A352B6700D4007B3C76 /* ProfileView.swift */ = {isa = PBXFileReference; lastKnownFileType = sourcecode.swift; path = ProfileView.swift; sourceTree = "<group>"; };
		FC163A372B67063C007B3C76 /* LandingView.swift */ = {isa = PBXFileReference; lastKnownFileType = sourcecode.swift; path = LandingView.swift; sourceTree = "<group>"; };
		FC163A3C2B67070A007B3C76 /* SplineCard.swift */ = {isa = PBXFileReference; lastKnownFileType = sourcecode.swift; path = SplineCard.swift; sourceTree = "<group>"; };
		FC4B339F2B6648AD00F757F7 /* HorizontalCalendar.swift */ = {isa = PBXFileReference; lastKnownFileType = sourcecode.swift; path = HorizontalCalendar.swift; sourceTree = "<group>"; };
		FC4B33A12B66491B00F757F7 /* Day.swift */ = {isa = PBXFileReference; lastKnownFileType = sourcecode.swift; path = Day.swift; sourceTree = "<group>"; };
		FC4D99942B8F3936000F32F5 /* UserManager.swift */ = {isa = PBXFileReference; fileEncoding = 4; lastKnownFileType = sourcecode.swift; path = UserManager.swift; sourceTree = "<group>"; };
		FC4D99962B8F3937000F32F5 /* User.swift */ = {isa = PBXFileReference; fileEncoding = 4; lastKnownFileType = sourcecode.swift; path = User.swift; sourceTree = "<group>"; };
		FC4D99972B8F3937000F32F5 /* UserTable.swift */ = {isa = PBXFileReference; fileEncoding = 4; lastKnownFileType = sourcecode.swift; path = UserTable.swift; sourceTree = "<group>"; };
		FC4D99982B8F3937000F32F5 /* Task.swift */ = {isa = PBXFileReference; fileEncoding = 4; lastKnownFileType = sourcecode.swift; path = Task.swift; sourceTree = "<group>"; };
		FC4D999A2B8F3937000F32F5 /* LocationVerification.swift */ = {isa = PBXFileReference; fileEncoding = 4; lastKnownFileType = sourcecode.swift; path = LocationVerification.swift; sourceTree = "<group>"; };
		FC4D999B2B8F3937000F32F5 /* Test2.swift */ = {isa = PBXFileReference; fileEncoding = 4; lastKnownFileType = sourcecode.swift; path = Test2.swift; sourceTree = "<group>"; };
		FC4D99A62B8F39DC000F32F5 /* InputView.swift */ = {isa = PBXFileReference; lastKnownFileType = sourcecode.swift; path = InputView.swift; sourceTree = "<group>"; };
		FC4D99A82B8F3BB3000F32F5 /* GoogleService-Info.plist */ = {isa = PBXFileReference; fileEncoding = 4; lastKnownFileType = text.plist.xml; path = "GoogleService-Info.plist"; sourceTree = "<group>"; };
		FC51B2C12B65A36800FE9E2A /* GetStartedView.swift */ = {isa = PBXFileReference; lastKnownFileType = sourcecode.swift; path = GetStartedView.swift; sourceTree = "<group>"; };
		FC51B2C82B65ADAC00FE9E2A /* UpcomingEventCard.swift */ = {isa = PBXFileReference; lastKnownFileType = sourcecode.swift; path = UpcomingEventCard.swift; sourceTree = "<group>"; };
		FC51B2CA2B65B80800FE9E2A /* Navbar.swift */ = {isa = PBXFileReference; lastKnownFileType = sourcecode.swift; path = Navbar.swift; sourceTree = "<group>"; };
		FCA3F8222B68534900508801 /* DayPlanner.swift */ = {isa = PBXFileReference; lastKnownFileType = sourcecode.swift; path = DayPlanner.swift; sourceTree = "<group>"; };
		FCA3F8242B68537400508801 /* MyCalendar.swift */ = {isa = PBXFileReference; lastKnownFileType = sourcecode.swift; path = MyCalendar.swift; sourceTree = "<group>"; };
		FCC50DE52B670C9800F31FC7 /* AddMission.swift */ = {isa = PBXFileReference; lastKnownFileType = sourcecode.swift; path = AddMission.swift; sourceTree = "<group>"; };
		FCC50DE72B670ECA00F31FC7 /* HealthCard.swift */ = {isa = PBXFileReference; lastKnownFileType = sourcecode.swift; path = HealthCard.swift; sourceTree = "<group>"; };
		FCC99ED22B65691400CAB038 /* Timely2.0.app */ = {isa = PBXFileReference; explicitFileType = wrapper.application; includeInIndex = 0; path = Timely2.0.app; sourceTree = BUILT_PRODUCTS_DIR; };
		FCC99ED52B65691400CAB038 /* Timely2_0App.swift */ = {isa = PBXFileReference; lastKnownFileType = sourcecode.swift; path = Timely2_0App.swift; sourceTree = "<group>"; };
		FCC99ED72B65691400CAB038 /* ContentView.swift */ = {isa = PBXFileReference; lastKnownFileType = sourcecode.swift; path = ContentView.swift; sourceTree = "<group>"; };
		FCC99ED92B65691500CAB038 /* Assets.xcassets */ = {isa = PBXFileReference; lastKnownFileType = folder.assetcatalog; path = Assets.xcassets; sourceTree = "<group>"; };
		FCC99EDC2B65691500CAB038 /* Preview Assets.xcassets */ = {isa = PBXFileReference; lastKnownFileType = folder.assetcatalog; path = "Preview Assets.xcassets"; sourceTree = "<group>"; };
		FCC99EE22B65691500CAB038 /* Timely2.0Tests.xctest */ = {isa = PBXFileReference; explicitFileType = wrapper.cfbundle; includeInIndex = 0; path = Timely2.0Tests.xctest; sourceTree = BUILT_PRODUCTS_DIR; };
		FCC99EE62B65691500CAB038 /* Timely2_0Tests.swift */ = {isa = PBXFileReference; lastKnownFileType = sourcecode.swift; path = Timely2_0Tests.swift; sourceTree = "<group>"; };
		FCC99EEC2B65691500CAB038 /* Timely2.0UITests.xctest */ = {isa = PBXFileReference; explicitFileType = wrapper.cfbundle; includeInIndex = 0; path = Timely2.0UITests.xctest; sourceTree = BUILT_PRODUCTS_DIR; };
		FCC99EF02B65691500CAB038 /* Timely2_0UITests.swift */ = {isa = PBXFileReference; lastKnownFileType = sourcecode.swift; path = Timely2_0UITests.swift; sourceTree = "<group>"; };
		FCC99EF22B65691500CAB038 /* Timely2_0UITestsLaunchTests.swift */ = {isa = PBXFileReference; lastKnownFileType = sourcecode.swift; path = Timely2_0UITestsLaunchTests.swift; sourceTree = "<group>"; };
		FCC99F042B656CA900CAB038 /* StartedCard.swift */ = {isa = PBXFileReference; lastKnownFileType = sourcecode.swift; path = StartedCard.swift; sourceTree = "<group>"; };
		FCCC41612B66760700A35C87 /* EventCard.swift */ = {isa = PBXFileReference; lastKnownFileType = sourcecode.swift; path = EventCard.swift; sourceTree = "<group>"; };
		FCCC41632B667BC100A35C87 /* ScheduleView.swift */ = {isa = PBXFileReference; lastKnownFileType = sourcecode.swift; path = ScheduleView.swift; sourceTree = "<group>"; };
		FCCC41652B667BD900A35C87 /* EventList.swift */ = {isa = PBXFileReference; lastKnownFileType = sourcecode.swift; path = EventList.swift; sourceTree = "<group>"; };
		FCCC41672B6681D700A35C87 /* Event.swift */ = {isa = PBXFileReference; lastKnownFileType = sourcecode.swift; path = Event.swift; sourceTree = "<group>"; };
		FCCC416B2B66AF2A00A35C87 /* TagBar.swift */ = {isa = PBXFileReference; lastKnownFileType = sourcecode.swift; path = TagBar.swift; sourceTree = "<group>"; };
		FCDC15902B68AF5B008FE8D3 /* PetItem.swift */ = {isa = PBXFileReference; lastKnownFileType = sourcecode.swift; path = PetItem.swift; sourceTree = "<group>"; };
		FCDC15922B68AF8E008FE8D3 /* ChoosePetSheetView.swift */ = {isa = PBXFileReference; lastKnownFileType = sourcecode.swift; path = ChoosePetSheetView.swift; sourceTree = "<group>"; };
		FCDC15A22B68E9E2008FE8D3 /* HistoryView.swift */ = {isa = PBXFileReference; lastKnownFileType = sourcecode.swift; path = HistoryView.swift; sourceTree = "<group>"; };
		FCDC15A42B68EA36008FE8D3 /* LoginView.swift */ = {isa = PBXFileReference; lastKnownFileType = sourcecode.swift; path = LoginView.swift; sourceTree = "<group>"; };
		FCDC15A62B68EA4C008FE8D3 /* SignupView.swift */ = {isa = PBXFileReference; lastKnownFileType = sourcecode.swift; path = SignupView.swift; sourceTree = "<group>"; };
		FCDC15A82B68EA84008FE8D3 /* TimelyText.swift */ = {isa = PBXFileReference; lastKnownFileType = sourcecode.swift; path = TimelyText.swift; sourceTree = "<group>"; };
		FCDC15AA2B68EAA5008FE8D3 /* HistoryStruct.swift */ = {isa = PBXFileReference; lastKnownFileType = sourcecode.swift; path = HistoryStruct.swift; sourceTree = "<group>"; };
		FCDC15AC2B68EE46008FE8D3 /* LeaderboardView.swift */ = {isa = PBXFileReference; lastKnownFileType = sourcecode.swift; path = LeaderboardView.swift; sourceTree = "<group>"; };
		FCDC15AF2B68EE70008FE8D3 /* RankCard.swift */ = {isa = PBXFileReference; lastKnownFileType = sourcecode.swift; path = RankCard.swift; sourceTree = "<group>"; };
		FCEDB59D2B66CBC30096EC88 /* LargeButton.swift */ = {isa = PBXFileReference; lastKnownFileType = sourcecode.swift; path = LargeButton.swift; sourceTree = "<group>"; };
		FCEDB59F2B66D3730096EC88 /* RoundedButton.swift */ = {isa = PBXFileReference; lastKnownFileType = sourcecode.swift; path = RoundedButton.swift; sourceTree = "<group>"; };
		FCF988AA2B9039DA00313F22 /* TestProfile.swift */ = {isa = PBXFileReference; lastKnownFileType = sourcecode.swift; path = TestProfile.swift; sourceTree = "<group>"; };
		FCF988AC2B903D0C00313F22 /* ProfileViewModel.swift */ = {isa = PBXFileReference; lastKnownFileType = sourcecode.swift; path = ProfileViewModel.swift; sourceTree = "<group>"; };
/* End PBXFileReference section */

/* Begin PBXFrameworksBuildPhase section */
		FCC99ECF2B65691400CAB038 /* Frameworks */ = {
			isa = PBXFrameworksBuildPhase;
			buildActionMask = 2147483647;
			files = (
				FC4D997B2B8F345F000F32F5 /* FirebaseAnalyticsSwift in Frameworks */,
				FC4D997F2B8F345F000F32F5 /* FirebaseAuthCombine-Community in Frameworks */,
				FC4D997D2B8F345F000F32F5 /* FirebaseAuth in Frameworks */,
				FC4D99872B8F345F000F32F5 /* FirebaseFirestore in Frameworks */,
				FC4D99852B8F345F000F32F5 /* FirebaseDatabaseSwift in Frameworks */,
				FC4D99892B8F345F000F32F5 /* FirebaseFirestoreCombine-Community in Frameworks */,
				FC4D99812B8F345F000F32F5 /* FirebaseCrashlytics in Frameworks */,
				FC4D99912B8F345F000F32F5 /* FirebaseStorageCombine-Community in Frameworks */,
				FC163A3B2B67068F007B3C76 /* SplineRuntime in Frameworks */,
				FC163A312B66F68B007B3C76 /* LocationPicker in Frameworks */,
				FC4D998D2B8F345F000F32F5 /* FirebaseFunctions in Frameworks */,
				FC4D99832B8F345F000F32F5 /* FirebaseDatabase in Frameworks */,
				FC4D998F2B8F345F000F32F5 /* FirebaseStorage in Frameworks */,
				FC4D99792B8F345F000F32F5 /* FirebaseAnalytics in Frameworks */,
				FC4D998B2B8F345F000F32F5 /* FirebaseFirestoreSwift in Frameworks */,
			);
			runOnlyForDeploymentPostprocessing = 0;
		};
		FCC99EDF2B65691500CAB038 /* Frameworks */ = {
			isa = PBXFrameworksBuildPhase;
			buildActionMask = 2147483647;
			files = (
			);
			runOnlyForDeploymentPostprocessing = 0;
		};
		FCC99EE92B65691500CAB038 /* Frameworks */ = {
			isa = PBXFrameworksBuildPhase;
			buildActionMask = 2147483647;
			files = (
			);
			runOnlyForDeploymentPostprocessing = 0;
		};
/* End PBXFrameworksBuildPhase section */

/* Begin PBXGroup section */
		FC163A2C2B66F5A2007B3C76 /* mission */ = {
			isa = PBXGroup;
			children = (
				FC163A2D2B66F5DC007B3C76 /* MissionForm.swift */,
			);
			path = mission;
			sourceTree = "<group>";
		};
		FC4D99922B8F3909000F32F5 /* backend */ = {
			isa = PBXGroup;
			children = (
				FC4D999C2B8F3937000F32F5 /* core */,
				FC4D99932B8F3936000F32F5 /* managers */,
				FC4D99952B8F3937000F32F5 /* model */,
				FC4D99992B8F3937000F32F5 /* test */,
			);
			path = backend;
			sourceTree = "<group>";
		};
		FC4D99932B8F3936000F32F5 /* managers */ = {
			isa = PBXGroup;
			children = (
				FC4D99942B8F3936000F32F5 /* UserManager.swift */,
				0FA05C122B906EC70054E47B /* AuthenticationManager.swift */,
			);
			path = managers;
			sourceTree = "<group>";
		};
		FC4D99952B8F3937000F32F5 /* model */ = {
			isa = PBXGroup;
			children = (
				FC4D99962B8F3937000F32F5 /* User.swift */,
				FC4D99972B8F3937000F32F5 /* UserTable.swift */,
				FC4D99982B8F3937000F32F5 /* Task.swift */,
			);
			path = model;
			sourceTree = "<group>";
		};
		FC4D99992B8F3937000F32F5 /* test */ = {
			isa = PBXGroup;
			children = (
				0FD0146F2B96C6CC005CD346 /* PetMod.usdz */,
				FC4D999A2B8F3937000F32F5 /* LocationVerification.swift */,
				FCF988AA2B9039DA00313F22 /* TestProfile.swift */,
				FCF988AC2B903D0C00313F22 /* ProfileViewModel.swift */,
				FC4D999B2B8F3937000F32F5 /* Test2.swift */,
				0FD014472B96C144005CD346 /* ModelView.swift */,
			);
			path = test;
			sourceTree = "<group>";
		};
		FC4D999C2B8F3937000F32F5 /* core */ = {
			isa = PBXGroup;
			children = (
			);
			path = core;
			sourceTree = "<group>";
		};
		FC51B2C52B65AD7A00FE9E2A /* landing */ = {
			isa = PBXGroup;
			children = (
				FC51B2C82B65ADAC00FE9E2A /* UpcomingEventCard.swift */,
				FC163A3C2B67070A007B3C76 /* SplineCard.swift */,
				FCC50DE52B670C9800F31FC7 /* AddMission.swift */,
				FCC50DE72B670ECA00F31FC7 /* HealthCard.swift */,
			);
			path = landing;
			sourceTree = "<group>";
		};
		FC51B2CC2B66485100FE9E2A /* schedule */ = {
			isa = PBXGroup;
			children = (
				FC4B339F2B6648AD00F757F7 /* HorizontalCalendar.swift */,
				FCA3F8222B68534900508801 /* DayPlanner.swift */,
				FCA3F8242B68537400508801 /* MyCalendar.swift */,
				FC4B33A12B66491B00F757F7 /* Day.swift */,
				FCCC41612B66760700A35C87 /* EventCard.swift */,
				FCCC41652B667BD900A35C87 /* EventList.swift */,
				FCCC416B2B66AF2A00A35C87 /* TagBar.swift */,
				FCCC41672B6681D700A35C87 /* Event.swift */,
			);
			path = schedule;
			sourceTree = "<group>";
		};
		FCC99EC92B65691400CAB038 = {
			isa = PBXGroup;
			children = (
				FCC99ED42B65691400CAB038 /* Timely2.0 */,
				FCC99EE52B65691500CAB038 /* Timely2.0Tests */,
				FCC99EEF2B65691500CAB038 /* Timely2.0UITests */,
				FCC99ED32B65691400CAB038 /* Products */,
			);
			sourceTree = "<group>";
		};
		FCC99ED32B65691400CAB038 /* Products */ = {
			isa = PBXGroup;
			children = (
				FCC99ED22B65691400CAB038 /* Timely2.0.app */,
				FCC99EE22B65691500CAB038 /* Timely2.0Tests.xctest */,
				FCC99EEC2B65691500CAB038 /* Timely2.0UITests.xctest */,
			);
			name = Products;
			sourceTree = "<group>";
		};
		FCC99ED42B65691400CAB038 /* Timely2.0 */ = {
			isa = PBXGroup;
			children = (
				FC4D99922B8F3909000F32F5 /* backend */,
				FCC99EFF2B6569AA00CAB038 /* components */,
				FCC99F002B6569CC00CAB038 /* screens */,
				FCC99ED52B65691400CAB038 /* Timely2_0App.swift */,
				FCC99ED72B65691400CAB038 /* ContentView.swift */,
				0FA05C142B9070FE0054E47B /* RootView.swift */,
				FC4D99A82B8F3BB3000F32F5 /* GoogleService-Info.plist */,
				FCC99ED92B65691500CAB038 /* Assets.xcassets */,
				FCC99EDB2B65691500CAB038 /* Preview Content */,
			);
			path = Timely2.0;
			sourceTree = "<group>";
		};
		FCC99EDB2B65691500CAB038 /* Preview Content */ = {
			isa = PBXGroup;
			children = (
				FCC99EDC2B65691500CAB038 /* Preview Assets.xcassets */,
			);
			path = "Preview Content";
			sourceTree = "<group>";
		};
		FCC99EE52B65691500CAB038 /* Timely2.0Tests */ = {
			isa = PBXGroup;
			children = (
				FCC99EE62B65691500CAB038 /* Timely2_0Tests.swift */,
			);
			path = Timely2.0Tests;
			sourceTree = "<group>";
		};
		FCC99EEF2B65691500CAB038 /* Timely2.0UITests */ = {
			isa = PBXGroup;
			children = (
				FCC99EF02B65691500CAB038 /* Timely2_0UITests.swift */,
				FCC99EF22B65691500CAB038 /* Timely2_0UITestsLaunchTests.swift */,
			);
			path = Timely2.0UITests;
			sourceTree = "<group>";
		};
		FCC99EFF2B6569AA00CAB038 /* components */ = {
			isa = PBXGroup;
			children = (
				FCDC15AE2B68EE62008FE8D3 /* leaderboard */,
				FCDC158F2B68AF11008FE8D3 /* choosepet */,
				FCCE32C12B68ABC200310B8F /* history */,
				FC163A2C2B66F5A2007B3C76 /* mission */,
				FC51B2CC2B66485100FE9E2A /* schedule */,
				FC51B2C52B65AD7A00FE9E2A /* landing */,
				FCC99F012B656A0900CAB038 /* getstarted */,
				FC51B2CA2B65B80800FE9E2A /* Navbar.swift */,
				FCEDB59D2B66CBC30096EC88 /* LargeButton.swift */,
				FCEDB59F2B66D3730096EC88 /* RoundedButton.swift */,
				FCDC15A82B68EA84008FE8D3 /* TimelyText.swift */,
				FC4D99A62B8F39DC000F32F5 /* InputView.swift */,
			);
			path = components;
			sourceTree = "<group>";
		};
		FCC99F002B6569CC00CAB038 /* screens */ = {
			isa = PBXGroup;
			children = (
				FCDC15A22B68E9E2008FE8D3 /* HistoryView.swift */,
				FCDC15A42B68EA36008FE8D3 /* LoginView.swift */,
				FCDC15A62B68EA4C008FE8D3 /* SignupView.swift */,
				FC163A332B66F7C2007B3C76 /* MissionSheetView.swift */,
				FC51B2C12B65A36800FE9E2A /* GetStartedView.swift */,
				FCCC41632B667BC100A35C87 /* ScheduleView.swift */,
				FC163A352B6700D4007B3C76 /* ProfileView.swift */,
				FC163A372B67063C007B3C76 /* LandingView.swift */,
				FCDC15922B68AF8E008FE8D3 /* ChoosePetSheetView.swift */,
				FCDC15AC2B68EE46008FE8D3 /* LeaderboardView.swift */,
			);
			path = screens;
			sourceTree = "<group>";
		};
		FCC99F012B656A0900CAB038 /* getstarted */ = {
			isa = PBXGroup;
			children = (
				FCC99F042B656CA900CAB038 /* StartedCard.swift */,
			);
			path = getstarted;
			sourceTree = "<group>";
		};
		FCCE32C12B68ABC200310B8F /* history */ = {
			isa = PBXGroup;
			children = (
				FCDC15AA2B68EAA5008FE8D3 /* HistoryStruct.swift */,
			);
			path = history;
			sourceTree = "<group>";
		};
		FCDC158F2B68AF11008FE8D3 /* choosepet */ = {
			isa = PBXGroup;
			children = (
				FCDC15902B68AF5B008FE8D3 /* PetItem.swift */,
			);
			path = choosepet;
			sourceTree = "<group>";
		};
		FCDC15AE2B68EE62008FE8D3 /* leaderboard */ = {
			isa = PBXGroup;
			children = (
				FCDC15AF2B68EE70008FE8D3 /* RankCard.swift */,
			);
			path = leaderboard;
			sourceTree = "<group>";
		};
/* End PBXGroup section */

/* Begin PBXNativeTarget section */
		FCC99ED12B65691400CAB038 /* Timely2.0 */ = {
			isa = PBXNativeTarget;
			buildConfigurationList = FCC99EF62B65691500CAB038 /* Build configuration list for PBXNativeTarget "Timely2.0" */;
			buildPhases = (
				FCC99ECE2B65691400CAB038 /* Sources */,
				FCC99ECF2B65691400CAB038 /* Frameworks */,
				FCC99ED02B65691400CAB038 /* Resources */,
			);
			buildRules = (
			);
			dependencies = (
			);
			name = Timely2.0;
			packageProductDependencies = (
				FC163A302B66F68B007B3C76 /* LocationPicker */,
				FC163A3A2B67068F007B3C76 /* SplineRuntime */,
				FC4D99782B8F345F000F32F5 /* FirebaseAnalytics */,
				FC4D997A2B8F345F000F32F5 /* FirebaseAnalyticsSwift */,
				FC4D997C2B8F345F000F32F5 /* FirebaseAuth */,
				FC4D997E2B8F345F000F32F5 /* FirebaseAuthCombine-Community */,
				FC4D99802B8F345F000F32F5 /* FirebaseCrashlytics */,
				FC4D99822B8F345F000F32F5 /* FirebaseDatabase */,
				FC4D99842B8F345F000F32F5 /* FirebaseDatabaseSwift */,
				FC4D99862B8F345F000F32F5 /* FirebaseFirestore */,
				FC4D99882B8F345F000F32F5 /* FirebaseFirestoreCombine-Community */,
				FC4D998A2B8F345F000F32F5 /* FirebaseFirestoreSwift */,
				FC4D998C2B8F345F000F32F5 /* FirebaseFunctions */,
				FC4D998E2B8F345F000F32F5 /* FirebaseStorage */,
				FC4D99902B8F345F000F32F5 /* FirebaseStorageCombine-Community */,
			);
			productName = Timely2.0;
			productReference = FCC99ED22B65691400CAB038 /* Timely2.0.app */;
			productType = "com.apple.product-type.application";
		};
		FCC99EE12B65691500CAB038 /* Timely2.0Tests */ = {
			isa = PBXNativeTarget;
			buildConfigurationList = FCC99EF92B65691500CAB038 /* Build configuration list for PBXNativeTarget "Timely2.0Tests" */;
			buildPhases = (
				FCC99EDE2B65691500CAB038 /* Sources */,
				FCC99EDF2B65691500CAB038 /* Frameworks */,
				FCC99EE02B65691500CAB038 /* Resources */,
			);
			buildRules = (
			);
			dependencies = (
				FCC99EE42B65691500CAB038 /* PBXTargetDependency */,
			);
			name = Timely2.0Tests;
			productName = Timely2.0Tests;
			productReference = FCC99EE22B65691500CAB038 /* Timely2.0Tests.xctest */;
			productType = "com.apple.product-type.bundle.unit-test";
		};
		FCC99EEB2B65691500CAB038 /* Timely2.0UITests */ = {
			isa = PBXNativeTarget;
			buildConfigurationList = FCC99EFC2B65691500CAB038 /* Build configuration list for PBXNativeTarget "Timely2.0UITests" */;
			buildPhases = (
				FCC99EE82B65691500CAB038 /* Sources */,
				FCC99EE92B65691500CAB038 /* Frameworks */,
				FCC99EEA2B65691500CAB038 /* Resources */,
			);
			buildRules = (
			);
			dependencies = (
				FCC99EEE2B65691500CAB038 /* PBXTargetDependency */,
			);
			name = Timely2.0UITests;
			productName = Timely2.0UITests;
			productReference = FCC99EEC2B65691500CAB038 /* Timely2.0UITests.xctest */;
			productType = "com.apple.product-type.bundle.ui-testing";
		};
/* End PBXNativeTarget section */

/* Begin PBXProject section */
		FCC99ECA2B65691400CAB038 /* Project object */ = {
			isa = PBXProject;
			attributes = {
				BuildIndependentTargetsInParallel = 1;
				LastSwiftUpdateCheck = 1510;
				LastUpgradeCheck = 1510;
				TargetAttributes = {
					FCC99ED12B65691400CAB038 = {
						CreatedOnToolsVersion = 15.1;
					};
					FCC99EE12B65691500CAB038 = {
						CreatedOnToolsVersion = 15.1;
						TestTargetID = FCC99ED12B65691400CAB038;
					};
					FCC99EEB2B65691500CAB038 = {
						CreatedOnToolsVersion = 15.1;
						TestTargetID = FCC99ED12B65691400CAB038;
					};
				};
			};
			buildConfigurationList = FCC99ECD2B65691400CAB038 /* Build configuration list for PBXProject "Timely2.0" */;
			compatibilityVersion = "Xcode 14.0";
			developmentRegion = en;
			hasScannedForEncodings = 0;
			knownRegions = (
				en,
				Base,
			);
			mainGroup = FCC99EC92B65691400CAB038;
			packageReferences = (
				FC163A2F2B66F68B007B3C76 /* XCRemoteSwiftPackageReference "LocationPickerForSwiftUI" */,
				FC163A392B67068F007B3C76 /* XCRemoteSwiftPackageReference "spline-ios" */,
				FC4D99772B8F345F000F32F5 /* XCRemoteSwiftPackageReference "firebase-ios-sdk" */,
			);
			productRefGroup = FCC99ED32B65691400CAB038 /* Products */;
			projectDirPath = "";
			projectRoot = "";
			targets = (
				FCC99ED12B65691400CAB038 /* Timely2.0 */,
				FCC99EE12B65691500CAB038 /* Timely2.0Tests */,
				FCC99EEB2B65691500CAB038 /* Timely2.0UITests */,
			);
		};
/* End PBXProject section */

/* Begin PBXResourcesBuildPhase section */
		FCC99ED02B65691400CAB038 /* Resources */ = {
			isa = PBXResourcesBuildPhase;
			buildActionMask = 2147483647;
			files = (
				0FD014702B96C6CC005CD346 /* PetMod.usdz in Resources */,
				FCC99EDD2B65691500CAB038 /* Preview Assets.xcassets in Resources */,
				FCC99EDA2B65691500CAB038 /* Assets.xcassets in Resources */,
				FC4D99A92B8F3BB3000F32F5 /* GoogleService-Info.plist in Resources */,
			);
			runOnlyForDeploymentPostprocessing = 0;
		};
		FCC99EE02B65691500CAB038 /* Resources */ = {
			isa = PBXResourcesBuildPhase;
			buildActionMask = 2147483647;
			files = (
			);
			runOnlyForDeploymentPostprocessing = 0;
		};
		FCC99EEA2B65691500CAB038 /* Resources */ = {
			isa = PBXResourcesBuildPhase;
			buildActionMask = 2147483647;
			files = (
			);
			runOnlyForDeploymentPostprocessing = 0;
		};
/* End PBXResourcesBuildPhase section */

/* Begin PBXSourcesBuildPhase section */
		FCC99ECE2B65691400CAB038 /* Sources */ = {
			isa = PBXSourcesBuildPhase;
			buildActionMask = 2147483647;
			files = (
				FCC50DE82B670ECA00F31FC7 /* HealthCard.swift in Sources */,
				FCC99F052B656CA900CAB038 /* StartedCard.swift in Sources */,
				FC163A382B67063C007B3C76 /* LandingView.swift in Sources */,
				0FA05C132B906EC70054E47B /* AuthenticationManager.swift in Sources */,
				FCEDB5A02B66D3730096EC88 /* RoundedButton.swift in Sources */,
				FCDC15A92B68EA84008FE8D3 /* TimelyText.swift in Sources */,
				FCDC15AB2B68EAA5008FE8D3 /* HistoryStruct.swift in Sources */,
				FCC99ED82B65691400CAB038 /* ContentView.swift in Sources */,
				FCDC15B02B68EE70008FE8D3 /* RankCard.swift in Sources */,
				FC4D99A42B8F3937000F32F5 /* Test2.swift in Sources */,
				FCDC15AD2B68EE46008FE8D3 /* LeaderboardView.swift in Sources */,
				FCCC41662B667BD900A35C87 /* EventList.swift in Sources */,
				FC4B33A22B66491B00F757F7 /* Day.swift in Sources */,
				FCCC41682B6681D700A35C87 /* Event.swift in Sources */,
				FC4D99A12B8F3937000F32F5 /* UserTable.swift in Sources */,
				FCA3F8232B68534900508801 /* DayPlanner.swift in Sources */,
				FC4D99A72B8F39DC000F32F5 /* InputView.swift in Sources */,
				FCDC15932B68AF8E008FE8D3 /* ChoosePetSheetView.swift in Sources */,
				FCCC416C2B66AF2A00A35C87 /* TagBar.swift in Sources */,
				FCF988AD2B903D0C00313F22 /* ProfileViewModel.swift in Sources */,
				FCC50DE62B670C9900F31FC7 /* AddMission.swift in Sources */,
				0FD014482B96C144005CD346 /* ModelView.swift in Sources */,
				FCF988AB2B9039DA00313F22 /* TestProfile.swift in Sources */,
				FC163A342B66F7C2007B3C76 /* MissionSheetView.swift in Sources */,
				FC51B2C22B65A36800FE9E2A /* GetStartedView.swift in Sources */,
				0FA05C152B9070FE0054E47B /* RootView.swift in Sources */,
				FCDC15912B68AF5B008FE8D3 /* PetItem.swift in Sources */,
				FC51B2CB2B65B80800FE9E2A /* Navbar.swift in Sources */,
				FC163A2E2B66F5DC007B3C76 /* MissionForm.swift in Sources */,
				FCC99ED62B65691400CAB038 /* Timely2_0App.swift in Sources */,
				FC51B2C92B65ADAC00FE9E2A /* UpcomingEventCard.swift in Sources */,
				FC4D999F2B8F3937000F32F5 /* UserManager.swift in Sources */,
				FC163A3D2B67070A007B3C76 /* SplineCard.swift in Sources */,
				FC4D99A22B8F3937000F32F5 /* Task.swift in Sources */,
				FCCC41622B66760700A35C87 /* EventCard.swift in Sources */,
				FCA3F8252B68537400508801 /* MyCalendar.swift in Sources */,
				FCEDB59E2B66CBC30096EC88 /* LargeButton.swift in Sources */,
				FCDC15A32B68E9E2008FE8D3 /* HistoryView.swift in Sources */,
				FC163A362B6700D4007B3C76 /* ProfileView.swift in Sources */,
				FCCC41642B667BC100A35C87 /* ScheduleView.swift in Sources */,
				FC4D99A02B8F3937000F32F5 /* User.swift in Sources */,
				FC4D99A32B8F3937000F32F5 /* LocationVerification.swift in Sources */,
				FCDC15A72B68EA4C008FE8D3 /* SignupView.swift in Sources */,
				FC4B33A02B6648AD00F757F7 /* HorizontalCalendar.swift in Sources */,
				FCDC15A52B68EA36008FE8D3 /* LoginView.swift in Sources */,
			);
			runOnlyForDeploymentPostprocessing = 0;
		};
		FCC99EDE2B65691500CAB038 /* Sources */ = {
			isa = PBXSourcesBuildPhase;
			buildActionMask = 2147483647;
			files = (
				FCC99EE72B65691500CAB038 /* Timely2_0Tests.swift in Sources */,
			);
			runOnlyForDeploymentPostprocessing = 0;
		};
		FCC99EE82B65691500CAB038 /* Sources */ = {
			isa = PBXSourcesBuildPhase;
			buildActionMask = 2147483647;
			files = (
				FCC99EF32B65691500CAB038 /* Timely2_0UITestsLaunchTests.swift in Sources */,
				FCC99EF12B65691500CAB038 /* Timely2_0UITests.swift in Sources */,
			);
			runOnlyForDeploymentPostprocessing = 0;
		};
/* End PBXSourcesBuildPhase section */

/* Begin PBXTargetDependency section */
		FCC99EE42B65691500CAB038 /* PBXTargetDependency */ = {
			isa = PBXTargetDependency;
			target = FCC99ED12B65691400CAB038 /* Timely2.0 */;
			targetProxy = FCC99EE32B65691500CAB038 /* PBXContainerItemProxy */;
		};
		FCC99EEE2B65691500CAB038 /* PBXTargetDependency */ = {
			isa = PBXTargetDependency;
			target = FCC99ED12B65691400CAB038 /* Timely2.0 */;
			targetProxy = FCC99EED2B65691500CAB038 /* PBXContainerItemProxy */;
		};
/* End PBXTargetDependency section */

/* Begin XCBuildConfiguration section */
		FCC99EF42B65691500CAB038 /* Debug */ = {
			isa = XCBuildConfiguration;
			buildSettings = {
				ALWAYS_SEARCH_USER_PATHS = NO;
				ASSETCATALOG_COMPILER_GENERATE_SWIFT_ASSET_SYMBOL_EXTENSIONS = YES;
				CLANG_ANALYZER_NONNULL = YES;
				CLANG_ANALYZER_NUMBER_OBJECT_CONVERSION = YES_AGGRESSIVE;
				CLANG_CXX_LANGUAGE_STANDARD = "gnu++20";
				CLANG_ENABLE_MODULES = YES;
				CLANG_ENABLE_OBJC_ARC = YES;
				CLANG_ENABLE_OBJC_WEAK = YES;
				CLANG_WARN_BLOCK_CAPTURE_AUTORELEASING = YES;
				CLANG_WARN_BOOL_CONVERSION = YES;
				CLANG_WARN_COMMA = YES;
				CLANG_WARN_CONSTANT_CONVERSION = YES;
				CLANG_WARN_DEPRECATED_OBJC_IMPLEMENTATIONS = YES;
				CLANG_WARN_DIRECT_OBJC_ISA_USAGE = YES_ERROR;
				CLANG_WARN_DOCUMENTATION_COMMENTS = YES;
				CLANG_WARN_EMPTY_BODY = YES;
				CLANG_WARN_ENUM_CONVERSION = YES;
				CLANG_WARN_INFINITE_RECURSION = YES;
				CLANG_WARN_INT_CONVERSION = YES;
				CLANG_WARN_NON_LITERAL_NULL_CONVERSION = YES;
				CLANG_WARN_OBJC_IMPLICIT_RETAIN_SELF = YES;
				CLANG_WARN_OBJC_LITERAL_CONVERSION = YES;
				CLANG_WARN_OBJC_ROOT_CLASS = YES_ERROR;
				CLANG_WARN_QUOTED_INCLUDE_IN_FRAMEWORK_HEADER = YES;
				CLANG_WARN_RANGE_LOOP_ANALYSIS = YES;
				CLANG_WARN_STRICT_PROTOTYPES = YES;
				CLANG_WARN_SUSPICIOUS_MOVE = YES;
				CLANG_WARN_UNGUARDED_AVAILABILITY = YES_AGGRESSIVE;
				CLANG_WARN_UNREACHABLE_CODE = YES;
				CLANG_WARN__DUPLICATE_METHOD_MATCH = YES;
				COPY_PHASE_STRIP = NO;
				DEBUG_INFORMATION_FORMAT = dwarf;
				ENABLE_STRICT_OBJC_MSGSEND = YES;
				ENABLE_TESTABILITY = YES;
				ENABLE_USER_SCRIPT_SANDBOXING = YES;
				GCC_C_LANGUAGE_STANDARD = gnu17;
				GCC_DYNAMIC_NO_PIC = NO;
				GCC_NO_COMMON_BLOCKS = YES;
				GCC_OPTIMIZATION_LEVEL = 0;
				GCC_PREPROCESSOR_DEFINITIONS = (
					"DEBUG=1",
					"$(inherited)",
				);
				GCC_WARN_64_TO_32_BIT_CONVERSION = YES;
				GCC_WARN_ABOUT_RETURN_TYPE = YES_ERROR;
				GCC_WARN_UNDECLARED_SELECTOR = YES;
				GCC_WARN_UNINITIALIZED_AUTOS = YES_AGGRESSIVE;
				GCC_WARN_UNUSED_FUNCTION = YES;
				GCC_WARN_UNUSED_VARIABLE = YES;
				IPHONEOS_DEPLOYMENT_TARGET = 17.2;
				LOCALIZATION_PREFERS_STRING_CATALOGS = YES;
				MTL_ENABLE_DEBUG_INFO = INCLUDE_SOURCE;
				MTL_FAST_MATH = YES;
				ONLY_ACTIVE_ARCH = YES;
				SDKROOT = iphoneos;
				SWIFT_ACTIVE_COMPILATION_CONDITIONS = "DEBUG $(inherited)";
				SWIFT_OPTIMIZATION_LEVEL = "-Onone";
			};
			name = Debug;
		};
		FCC99EF52B65691500CAB038 /* Release */ = {
			isa = XCBuildConfiguration;
			buildSettings = {
				ALWAYS_SEARCH_USER_PATHS = NO;
				ASSETCATALOG_COMPILER_GENERATE_SWIFT_ASSET_SYMBOL_EXTENSIONS = YES;
				CLANG_ANALYZER_NONNULL = YES;
				CLANG_ANALYZER_NUMBER_OBJECT_CONVERSION = YES_AGGRESSIVE;
				CLANG_CXX_LANGUAGE_STANDARD = "gnu++20";
				CLANG_ENABLE_MODULES = YES;
				CLANG_ENABLE_OBJC_ARC = YES;
				CLANG_ENABLE_OBJC_WEAK = YES;
				CLANG_WARN_BLOCK_CAPTURE_AUTORELEASING = YES;
				CLANG_WARN_BOOL_CONVERSION = YES;
				CLANG_WARN_COMMA = YES;
				CLANG_WARN_CONSTANT_CONVERSION = YES;
				CLANG_WARN_DEPRECATED_OBJC_IMPLEMENTATIONS = YES;
				CLANG_WARN_DIRECT_OBJC_ISA_USAGE = YES_ERROR;
				CLANG_WARN_DOCUMENTATION_COMMENTS = YES;
				CLANG_WARN_EMPTY_BODY = YES;
				CLANG_WARN_ENUM_CONVERSION = YES;
				CLANG_WARN_INFINITE_RECURSION = YES;
				CLANG_WARN_INT_CONVERSION = YES;
				CLANG_WARN_NON_LITERAL_NULL_CONVERSION = YES;
				CLANG_WARN_OBJC_IMPLICIT_RETAIN_SELF = YES;
				CLANG_WARN_OBJC_LITERAL_CONVERSION = YES;
				CLANG_WARN_OBJC_ROOT_CLASS = YES_ERROR;
				CLANG_WARN_QUOTED_INCLUDE_IN_FRAMEWORK_HEADER = YES;
				CLANG_WARN_RANGE_LOOP_ANALYSIS = YES;
				CLANG_WARN_STRICT_PROTOTYPES = YES;
				CLANG_WARN_SUSPICIOUS_MOVE = YES;
				CLANG_WARN_UNGUARDED_AVAILABILITY = YES_AGGRESSIVE;
				CLANG_WARN_UNREACHABLE_CODE = YES;
				CLANG_WARN__DUPLICATE_METHOD_MATCH = YES;
				COPY_PHASE_STRIP = NO;
				DEBUG_INFORMATION_FORMAT = "dwarf-with-dsym";
				ENABLE_NS_ASSERTIONS = NO;
				ENABLE_STRICT_OBJC_MSGSEND = YES;
				ENABLE_USER_SCRIPT_SANDBOXING = YES;
				GCC_C_LANGUAGE_STANDARD = gnu17;
				GCC_NO_COMMON_BLOCKS = YES;
				GCC_WARN_64_TO_32_BIT_CONVERSION = YES;
				GCC_WARN_ABOUT_RETURN_TYPE = YES_ERROR;
				GCC_WARN_UNDECLARED_SELECTOR = YES;
				GCC_WARN_UNINITIALIZED_AUTOS = YES_AGGRESSIVE;
				GCC_WARN_UNUSED_FUNCTION = YES;
				GCC_WARN_UNUSED_VARIABLE = YES;
				IPHONEOS_DEPLOYMENT_TARGET = 17.2;
				LOCALIZATION_PREFERS_STRING_CATALOGS = YES;
				MTL_ENABLE_DEBUG_INFO = NO;
				MTL_FAST_MATH = YES;
				SDKROOT = iphoneos;
				SWIFT_COMPILATION_MODE = wholemodule;
				VALIDATE_PRODUCT = YES;
			};
			name = Release;
		};
		FCC99EF72B65691500CAB038 /* Debug */ = {
			isa = XCBuildConfiguration;
			buildSettings = {
				ASSETCATALOG_COMPILER_APPICON_NAME = AppIcon;
				ASSETCATALOG_COMPILER_GLOBAL_ACCENT_COLOR_NAME = AccentColor;
				CODE_SIGN_STYLE = Automatic;
				CURRENT_PROJECT_VERSION = 1;
				DEVELOPMENT_ASSET_PATHS = "\"Timely2.0/Preview Content\"";
				ENABLE_PREVIEWS = YES;
				GENERATE_INFOPLIST_FILE = YES;
				INFOPLIST_KEY_UIApplicationSceneManifest_Generation = YES;
				INFOPLIST_KEY_UIApplicationSupportsIndirectInputEvents = YES;
				INFOPLIST_KEY_UILaunchScreen_Generation = YES;
				INFOPLIST_KEY_UISupportedInterfaceOrientations_iPad = "UIInterfaceOrientationPortrait UIInterfaceOrientationPortraitUpsideDown UIInterfaceOrientationLandscapeLeft UIInterfaceOrientationLandscapeRight";
				INFOPLIST_KEY_UISupportedInterfaceOrientations_iPhone = "UIInterfaceOrientationPortrait UIInterfaceOrientationLandscapeLeft UIInterfaceOrientationLandscapeRight";
				LD_RUNPATH_SEARCH_PATHS = (
					"$(inherited)",
					"@executable_path/Frameworks",
				);
				MARKETING_VERSION = 1.0;
				PRODUCT_BUNDLE_IDENTIFIER = "com.riyabatla.Timely2-0";
				PRODUCT_NAME = "$(TARGET_NAME)";
				SWIFT_EMIT_LOC_STRINGS = YES;
				SWIFT_VERSION = 5.0;
				TARGETED_DEVICE_FAMILY = "1,2";
			};
			name = Debug;
		};
		FCC99EF82B65691500CAB038 /* Release */ = {
			isa = XCBuildConfiguration;
			buildSettings = {
				ASSETCATALOG_COMPILER_APPICON_NAME = AppIcon;
				ASSETCATALOG_COMPILER_GLOBAL_ACCENT_COLOR_NAME = AccentColor;
				CODE_SIGN_STYLE = Automatic;
				CURRENT_PROJECT_VERSION = 1;
				DEVELOPMENT_ASSET_PATHS = "\"Timely2.0/Preview Content\"";
				ENABLE_PREVIEWS = YES;
				GENERATE_INFOPLIST_FILE = YES;
				INFOPLIST_KEY_UIApplicationSceneManifest_Generation = YES;
				INFOPLIST_KEY_UIApplicationSupportsIndirectInputEvents = YES;
				INFOPLIST_KEY_UILaunchScreen_Generation = YES;
				INFOPLIST_KEY_UISupportedInterfaceOrientations_iPad = "UIInterfaceOrientationPortrait UIInterfaceOrientationPortraitUpsideDown UIInterfaceOrientationLandscapeLeft UIInterfaceOrientationLandscapeRight";
				INFOPLIST_KEY_UISupportedInterfaceOrientations_iPhone = "UIInterfaceOrientationPortrait UIInterfaceOrientationLandscapeLeft UIInterfaceOrientationLandscapeRight";
				LD_RUNPATH_SEARCH_PATHS = (
					"$(inherited)",
					"@executable_path/Frameworks",
				);
				MARKETING_VERSION = 1.0;
				PRODUCT_BUNDLE_IDENTIFIER = "com.riyabatla.Timely2-0";
				PRODUCT_NAME = "$(TARGET_NAME)";
				SWIFT_EMIT_LOC_STRINGS = YES;
				SWIFT_VERSION = 5.0;
				TARGETED_DEVICE_FAMILY = "1,2";
			};
			name = Release;
		};
		FCC99EFA2B65691500CAB038 /* Debug */ = {
			isa = XCBuildConfiguration;
			buildSettings = {
				ALWAYS_EMBED_SWIFT_STANDARD_LIBRARIES = YES;
				BUNDLE_LOADER = "$(TEST_HOST)";
				CODE_SIGN_STYLE = Automatic;
				CURRENT_PROJECT_VERSION = 1;
				GENERATE_INFOPLIST_FILE = YES;
				IPHONEOS_DEPLOYMENT_TARGET = 17.2;
				MARKETING_VERSION = 1.0;
				PRODUCT_BUNDLE_IDENTIFIER = "com.riyabatla.Timely2-0Tests";
				PRODUCT_NAME = "$(TARGET_NAME)";
				SWIFT_EMIT_LOC_STRINGS = NO;
				SWIFT_VERSION = 5.0;
				TARGETED_DEVICE_FAMILY = "1,2";
				TEST_HOST = "$(BUILT_PRODUCTS_DIR)/Timely2.0.app/$(BUNDLE_EXECUTABLE_FOLDER_PATH)/Timely2.0";
			};
			name = Debug;
		};
		FCC99EFB2B65691500CAB038 /* Release */ = {
			isa = XCBuildConfiguration;
			buildSettings = {
				ALWAYS_EMBED_SWIFT_STANDARD_LIBRARIES = YES;
				BUNDLE_LOADER = "$(TEST_HOST)";
				CODE_SIGN_STYLE = Automatic;
				CURRENT_PROJECT_VERSION = 1;
				GENERATE_INFOPLIST_FILE = YES;
				IPHONEOS_DEPLOYMENT_TARGET = 17.2;
				MARKETING_VERSION = 1.0;
				PRODUCT_BUNDLE_IDENTIFIER = "com.riyabatla.Timely2-0Tests";
				PRODUCT_NAME = "$(TARGET_NAME)";
				SWIFT_EMIT_LOC_STRINGS = NO;
				SWIFT_VERSION = 5.0;
				TARGETED_DEVICE_FAMILY = "1,2";
				TEST_HOST = "$(BUILT_PRODUCTS_DIR)/Timely2.0.app/$(BUNDLE_EXECUTABLE_FOLDER_PATH)/Timely2.0";
			};
			name = Release;
		};
		FCC99EFD2B65691500CAB038 /* Debug */ = {
			isa = XCBuildConfiguration;
			buildSettings = {
				ALWAYS_EMBED_SWIFT_STANDARD_LIBRARIES = YES;
				CODE_SIGN_STYLE = Automatic;
				CURRENT_PROJECT_VERSION = 1;
				GENERATE_INFOPLIST_FILE = YES;
				MARKETING_VERSION = 1.0;
				PRODUCT_BUNDLE_IDENTIFIER = "com.riyabatla.Timely2-0UITests";
				PRODUCT_NAME = "$(TARGET_NAME)";
				SWIFT_EMIT_LOC_STRINGS = NO;
				SWIFT_VERSION = 5.0;
				TARGETED_DEVICE_FAMILY = "1,2";
				TEST_TARGET_NAME = Timely2.0;
			};
			name = Debug;
		};
		FCC99EFE2B65691500CAB038 /* Release */ = {
			isa = XCBuildConfiguration;
			buildSettings = {
				ALWAYS_EMBED_SWIFT_STANDARD_LIBRARIES = YES;
				CODE_SIGN_STYLE = Automatic;
				CURRENT_PROJECT_VERSION = 1;
				GENERATE_INFOPLIST_FILE = YES;
				MARKETING_VERSION = 1.0;
				PRODUCT_BUNDLE_IDENTIFIER = "com.riyabatla.Timely2-0UITests";
				PRODUCT_NAME = "$(TARGET_NAME)";
				SWIFT_EMIT_LOC_STRINGS = NO;
				SWIFT_VERSION = 5.0;
				TARGETED_DEVICE_FAMILY = "1,2";
				TEST_TARGET_NAME = Timely2.0;
			};
			name = Release;
		};
/* End XCBuildConfiguration section */

/* Begin XCConfigurationList section */
		FCC99ECD2B65691400CAB038 /* Build configuration list for PBXProject "Timely2.0" */ = {
			isa = XCConfigurationList;
			buildConfigurations = (
				FCC99EF42B65691500CAB038 /* Debug */,
				FCC99EF52B65691500CAB038 /* Release */,
			);
			defaultConfigurationIsVisible = 0;
			defaultConfigurationName = Release;
		};
		FCC99EF62B65691500CAB038 /* Build configuration list for PBXNativeTarget "Timely2.0" */ = {
			isa = XCConfigurationList;
			buildConfigurations = (
				FCC99EF72B65691500CAB038 /* Debug */,
				FCC99EF82B65691500CAB038 /* Release */,
			);
			defaultConfigurationIsVisible = 0;
			defaultConfigurationName = Release;
		};
		FCC99EF92B65691500CAB038 /* Build configuration list for PBXNativeTarget "Timely2.0Tests" */ = {
			isa = XCConfigurationList;
			buildConfigurations = (
				FCC99EFA2B65691500CAB038 /* Debug */,
				FCC99EFB2B65691500CAB038 /* Release */,
			);
			defaultConfigurationIsVisible = 0;
			defaultConfigurationName = Release;
		};
		FCC99EFC2B65691500CAB038 /* Build configuration list for PBXNativeTarget "Timely2.0UITests" */ = {
			isa = XCConfigurationList;
			buildConfigurations = (
				FCC99EFD2B65691500CAB038 /* Debug */,
				FCC99EFE2B65691500CAB038 /* Release */,
			);
			defaultConfigurationIsVisible = 0;
			defaultConfigurationName = Release;
		};
/* End XCConfigurationList section */

/* Begin XCRemoteSwiftPackageReference section */
		FC163A2F2B66F68B007B3C76 /* XCRemoteSwiftPackageReference "LocationPickerForSwiftUI" */ = {
			isa = XCRemoteSwiftPackageReference;
			repositoryURL = "https://github.com/alessiorubicini/LocationPickerForSwiftUI";
			requirement = {
				kind = upToNextMajorVersion;
				minimumVersion = 1.1.2;
			};
		};
		FC163A392B67068F007B3C76 /* XCRemoteSwiftPackageReference "spline-ios" */ = {
			isa = XCRemoteSwiftPackageReference;
			repositoryURL = "https://github.com/splinetool/spline-ios";
			requirement = {
				branch = main;
				kind = branch;
			};
		};
		FC4D99772B8F345F000F32F5 /* XCRemoteSwiftPackageReference "firebase-ios-sdk" */ = {
			isa = XCRemoteSwiftPackageReference;
			repositoryURL = "https://github.com/firebase/firebase-ios-sdk";
			requirement = {
				kind = upToNextMajorVersion;
				minimumVersion = 10.21.0;
			};
		};
/* End XCRemoteSwiftPackageReference section */

/* Begin XCSwiftPackageProductDependency section */
		FC163A302B66F68B007B3C76 /* LocationPicker */ = {
			isa = XCSwiftPackageProductDependency;
			package = FC163A2F2B66F68B007B3C76 /* XCRemoteSwiftPackageReference "LocationPickerForSwiftUI" */;
			productName = LocationPicker;
		};
		FC163A3A2B67068F007B3C76 /* SplineRuntime */ = {
			isa = XCSwiftPackageProductDependency;
			package = FC163A392B67068F007B3C76 /* XCRemoteSwiftPackageReference "spline-ios" */;
			productName = SplineRuntime;
		};
		FC4D99782B8F345F000F32F5 /* FirebaseAnalytics */ = {
			isa = XCSwiftPackageProductDependency;
			package = FC4D99772B8F345F000F32F5 /* XCRemoteSwiftPackageReference "firebase-ios-sdk" */;
			productName = FirebaseAnalytics;
		};
		FC4D997A2B8F345F000F32F5 /* FirebaseAnalyticsSwift */ = {
			isa = XCSwiftPackageProductDependency;
			package = FC4D99772B8F345F000F32F5 /* XCRemoteSwiftPackageReference "firebase-ios-sdk" */;
			productName = FirebaseAnalyticsSwift;
		};
		FC4D997C2B8F345F000F32F5 /* FirebaseAuth */ = {
			isa = XCSwiftPackageProductDependency;
			package = FC4D99772B8F345F000F32F5 /* XCRemoteSwiftPackageReference "firebase-ios-sdk" */;
			productName = FirebaseAuth;
		};
		FC4D997E2B8F345F000F32F5 /* FirebaseAuthCombine-Community */ = {
			isa = XCSwiftPackageProductDependency;
			package = FC4D99772B8F345F000F32F5 /* XCRemoteSwiftPackageReference "firebase-ios-sdk" */;
			productName = "FirebaseAuthCombine-Community";
		};
		FC4D99802B8F345F000F32F5 /* FirebaseCrashlytics */ = {
			isa = XCSwiftPackageProductDependency;
			package = FC4D99772B8F345F000F32F5 /* XCRemoteSwiftPackageReference "firebase-ios-sdk" */;
			productName = FirebaseCrashlytics;
		};
		FC4D99822B8F345F000F32F5 /* FirebaseDatabase */ = {
			isa = XCSwiftPackageProductDependency;
			package = FC4D99772B8F345F000F32F5 /* XCRemoteSwiftPackageReference "firebase-ios-sdk" */;
			productName = FirebaseDatabase;
		};
		FC4D99842B8F345F000F32F5 /* FirebaseDatabaseSwift */ = {
			isa = XCSwiftPackageProductDependency;
			package = FC4D99772B8F345F000F32F5 /* XCRemoteSwiftPackageReference "firebase-ios-sdk" */;
			productName = FirebaseDatabaseSwift;
		};
		FC4D99862B8F345F000F32F5 /* FirebaseFirestore */ = {
			isa = XCSwiftPackageProductDependency;
			package = FC4D99772B8F345F000F32F5 /* XCRemoteSwiftPackageReference "firebase-ios-sdk" */;
			productName = FirebaseFirestore;
		};
		FC4D99882B8F345F000F32F5 /* FirebaseFirestoreCombine-Community */ = {
			isa = XCSwiftPackageProductDependency;
			package = FC4D99772B8F345F000F32F5 /* XCRemoteSwiftPackageReference "firebase-ios-sdk" */;
			productName = "FirebaseFirestoreCombine-Community";
		};
		FC4D998A2B8F345F000F32F5 /* FirebaseFirestoreSwift */ = {
			isa = XCSwiftPackageProductDependency;
			package = FC4D99772B8F345F000F32F5 /* XCRemoteSwiftPackageReference "firebase-ios-sdk" */;
			productName = FirebaseFirestoreSwift;
		};
		FC4D998C2B8F345F000F32F5 /* FirebaseFunctions */ = {
			isa = XCSwiftPackageProductDependency;
			package = FC4D99772B8F345F000F32F5 /* XCRemoteSwiftPackageReference "firebase-ios-sdk" */;
			productName = FirebaseFunctions;
		};
		FC4D998E2B8F345F000F32F5 /* FirebaseStorage */ = {
			isa = XCSwiftPackageProductDependency;
			package = FC4D99772B8F345F000F32F5 /* XCRemoteSwiftPackageReference "firebase-ios-sdk" */;
			productName = FirebaseStorage;
		};
		FC4D99902B8F345F000F32F5 /* FirebaseStorageCombine-Community */ = {
			isa = XCSwiftPackageProductDependency;
			package = FC4D99772B8F345F000F32F5 /* XCRemoteSwiftPackageReference "firebase-ios-sdk" */;
			productName = "FirebaseStorageCombine-Community";
		};
/* End XCSwiftPackageProductDependency section */
	};
	rootObject = FCC99ECA2B65691400CAB038 /* Project object */;
}
